PODS:
  - Charts (3.0.4):
    - Charts/Core (= 3.0.4)
  - Charts/Core (3.0.4)
  - FSCalendar (2.7.9)
  - Masonry (1.1.0)
  - Realm (2.10.1):
    - Realm/Headers (= 2.10.1)
  - Realm/Headers (2.10.1)
  - SVProgressHUD (2.2.1)

DEPENDENCIES:
  - Charts
  - FSCalendar
  - Masonry
  - Realm
  - SVProgressHUD

SPEC CHECKSUMS:
  Charts: '0705898046257443f0afbbc3179f4b67507b6e48'
  FSCalendar: a04b09f16f811bc92e82f3cf852a15225233b9d5
  Masonry: 678fab65091a9290e40e2832a55e7ab731aad201
  Realm: fc7a317a5c2c9ba91f5f235ede4e2ea76e9eba0c
  SVProgressHUD: db27c54e6e18bc903341661fc9feb55e04905cc4

PODFILE CHECKSUM: 95dffcba55d678f77e4ea355d11275d8adc489c5

COCOAPODS: 1.2.0
