// !$*UTF8*$!
{
	archiveVersion = 1;
	classes = {
	};
	objectVersion = 46;
	objects = {

/* Begin PBXBuildFile section */
		8E16A33A88367558071A8F45 /* libPods-MPTallyTests.a in Frameworks */ = {isa = PBXBuildFile; fileRef = FC3A543055DA3B668913FF79 /* libPods-MPTallyTests.a */; };
		9A72D997207E2C6E2A7FFF88 /* libPods-MPTally.a in Frameworks */ = {isa = PBXBuildFile; fileRef = D482B59F8CF55D80F46A72E8 /* libPods-MPTally.a */; };
		F4383992E9243CE477366E09 /* libPods-MPTallyUITests.a in Frameworks */ = {isa = PBXBuildFile; fileRef = C8EAD6B0B9D99168D4522450 /* libPods-MPTallyUITests.a */; };
		F51BB8A11E7FF4C6007F1741 /* MPAccountDetailViewController.m in Sources */ = {isa = PBXBuildFile; fileRef = F51BB8A01E7FF4C6007F1741 /* MPAccountDetailViewController.m */; };
		F52BCC501E6AEAF60036234E /* main.m in Sources */ = {isa = PBXBuildFile; fileRef = F52BCC4F1E6AEAF60036234E /* main.m */; };
		F52BCC5B1E6AEAF60036234E /* Assets.xcassets in Resources */ = {isa = PBXBuildFile; fileRef = F52BCC5A1E6AEAF60036234E /* Assets.xcassets */; };
		F52BCC5E1E6AEAF60036234E /* LaunchScreen.storyboard in Resources */ = {isa = PBXBuildFile; fileRef = F52BCC5C1E6AEAF60036234E /* LaunchScreen.storyboard */; };
		F52BCC691E6AEAF60036234E /* MPTallyTests.m in Sources */ = {isa = PBXBuildFile; fileRef = F52BCC681E6AEAF60036234E /* MPTallyTests.m */; };
		F52BCC741E6AEAF60036234E /* MPTallyUITests.m in Sources */ = {isa = PBXBuildFile; fileRef = F52BCC731E6AEAF60036234E /* MPTallyUITests.m */; };
		F52BCC8E1E6AECE60036234E /* MPConst.m in Sources */ = {isa = PBXBuildFile; fileRef = F52BCC8D1E6AECE60036234E /* MPConst.m */; };
		F52BCC921E6AEE1A0036234E /* UIView+MPExtension.m in Sources */ = {isa = PBXBuildFile; fileRef = F52BCC911E6AEE1A0036234E /* UIView+MPExtension.m */; };
		F52BCC941E6AEF530036234E /* Foundation+Log.m in Sources */ = {isa = PBXBuildFile; fileRef = F52BCC931E6AEF530036234E /* Foundation+Log.m */; };
		F52BCC9A1E6AF20F0036234E /* AppDelegate.m in Sources */ = {isa = PBXBuildFile; fileRef = F52BCC991E6AF20F0036234E /* AppDelegate.m */; };
		F52BCC9E1E6AF2480036234E /* MPTabBarController.m in Sources */ = {isa = PBXBuildFile; fileRef = F52BCC9D1E6AF2480036234E /* MPTabBarController.m */; };
		F52BCCA11E6AF4740036234E /* MPNavigationController.m in Sources */ = {isa = PBXBuildFile; fileRef = F52BCCA01E6AF4740036234E /* MPNavigationController.m */; };
		F52BCCAA1E6AF6E90036234E /* MPTabBar.m in Sources */ = {isa = PBXBuildFile; fileRef = F52BCCA91E6AF6E90036234E /* MPTabBar.m */; };
		F52BCCAD1E6AF8AA0036234E /* MPBillTableViewController.m in Sources */ = {isa = PBXBuildFile; fileRef = F52BCCAC1E6AF8AA0036234E /* MPBillTableViewController.m */; };
		F52BCCB01E6AF8F30036234E /* MPReportFormViewController.m in Sources */ = {isa = PBXBuildFile; fileRef = F52BCCAF1E6AF8F30036234E /* MPReportFormViewController.m */; };
		F52BCCB31E6AF91E0036234E /* MPSettingTableViewController.m in Sources */ = {isa = PBXBuildFile; fileRef = F52BCCB21E6AF91E0036234E /* MPSettingTableViewController.m */; };
		F52BCCB61E6AF93C0036234E /* MPAccountTableViewController.m in Sources */ = {isa = PBXBuildFile; fileRef = F52BCCB51E6AF93C0036234E /* MPAccountTableViewController.m */; };
		F52BCCB91E6AF95D0036234E /* MPCreateBillViewController.m in Sources */ = {isa = PBXBuildFile; fileRef = F52BCCB81E6AF95D0036234E /* MPCreateBillViewController.m */; };
		F52BCCBC1E6BE9F10036234E /* category.plist in Resources */ = {isa = PBXBuildFile; fileRef = F52BCCBB1E6BE9F10036234E /* category.plist */; };
		F52BCCBE1E6BE9FC0036234E /* addCategory.plist in Resources */ = {isa = PBXBuildFile; fileRef = F52BCCBD1E6BE9FC0036234E /* addCategory.plist */; };
		F52BCCC41E6BEF1C0036234E /* MPCreateBillHeaderView.xib in Resources */ = {isa = PBXBuildFile; fileRef = F52BCCC31E6BEF1C0036234E /* MPCreateBillHeaderView.xib */; };
		F52BCCC71E6BEF670036234E /* MPCreateBillHeaderView.m in Sources */ = {isa = PBXBuildFile; fileRef = F52BCCC61E6BEF670036234E /* MPCreateBillHeaderView.m */; };
		F52BCCD01E6BF66F0036234E /* MPCategoryCollectionViewCell.m in Sources */ = {isa = PBXBuildFile; fileRef = F52BCCCF1E6BF66F0036234E /* MPCategoryCollectionViewCell.m */; };
		F52BCCD21E6BF75C0036234E /* MPCategoryCollectionViewCell.xib in Resources */ = {isa = PBXBuildFile; fileRef = F52BCCD11E6BF75C0036234E /* MPCategoryCollectionViewCell.xib */; };
		F52BCCD51E6C08430036234E /* MPCategoryModel.m in Sources */ = {isa = PBXBuildFile; fileRef = F52BCCD41E6C08430036234E /* MPCategoryModel.m */; };
		F541E7941E7784BF00556D46 /* MPBookListView.m in Sources */ = {isa = PBXBuildFile; fileRef = F541E7931E7784BF00556D46 /* MPBookListView.m */; };
		F541E7981E77895800556D46 /* MPAccountTableViewCell.m in Sources */ = {isa = PBXBuildFile; fileRef = F541E7971E77895800556D46 /* MPAccountTableViewCell.m */; };
		F541E79A1E77896E00556D46 /* MPAccountTableViewCell.xib in Resources */ = {isa = PBXBuildFile; fileRef = F541E7991E77896E00556D46 /* MPAccountTableViewCell.xib */; };
		F541E7A01E778CFF00556D46 /* MPAccountBalanceHeaderView.m in Sources */ = {isa = PBXBuildFile; fileRef = F541E79F1E778CFF00556D46 /* MPAccountBalanceHeaderView.m */; };
		F541E7A21E778D0900556D46 /* MPAccountBalanceHeaderView.xib in Resources */ = {isa = PBXBuildFile; fileRef = F541E7A11E778D0900556D46 /* MPAccountBalanceHeaderView.xib */; };
		F541E7A51E7799A500556D46 /* MPTopBarView.m in Sources */ = {isa = PBXBuildFile; fileRef = F541E7A41E7799A500556D46 /* MPTopBarView.m */; };
		F550AB351E8005240064C947 /* MPAccountDetailHeaderView.m in Sources */ = {isa = PBXBuildFile; fileRef = F550AB341E8005240064C947 /* MPAccountDetailHeaderView.m */; };
		F550AB371E8005630064C947 /* MPAccountDetailHeaderView.xib in Resources */ = {isa = PBXBuildFile; fileRef = F550AB361E8005630064C947 /* MPAccountDetailHeaderView.xib */; };
		F554FCE01E6C35A20032A60F /* MPIncomeCategoryViewController.m in Sources */ = {isa = PBXBuildFile; fileRef = F554FCDF1E6C35A20032A60F /* MPIncomeCategoryViewController.m */; };
		F554FCE31E6C35B50032A60F /* MPOutcomeCategoryViewController.m in Sources */ = {isa = PBXBuildFile; fileRef = F554FCE21E6C35B50032A60F /* MPOutcomeCategoryViewController.m */; };
		F555D3B61E728C050007AD24 /* MPTimeLineYearMonthMarkView.m in Sources */ = {isa = PBXBuildFile; fileRef = F555D3B51E728C050007AD24 /* MPTimeLineYearMonthMarkView.m */; };
		F555D3B91E7297720007AD24 /* MPTimeLineHeaderView.m in Sources */ = {isa = PBXBuildFile; fileRef = F555D3B81E7297720007AD24 /* MPTimeLineHeaderView.m */; };
		F555D3BC1E72D4690007AD24 /* MPTimeLineModel.m in Sources */ = {isa = PBXBuildFile; fileRef = F555D3BB1E72D4690007AD24 /* MPTimeLineModel.m */; };
		F555D3BF1E72D5580007AD24 /* MPTimeLineDayTableViewCell.m in Sources */ = {isa = PBXBuildFile; fileRef = F555D3BE1E72D5580007AD24 /* MPTimeLineDayTableViewCell.m */; };
		F560E7811E70D852007068CC /* MPEditRemarkViewController.m in Sources */ = {isa = PBXBuildFile; fileRef = F560E7801E70D852007068CC /* MPEditRemarkViewController.m */; };
		F560E7841E70DDF3007068CC /* FQPlaceholderTextView.m in Sources */ = {isa = PBXBuildFile; fileRef = F560E7831E70DDF3007068CC /* FQPlaceholderTextView.m */; };
		F560E78A1E70EADC007068CC /* MPBillModel.m in Sources */ = {isa = PBXBuildFile; fileRef = F560E7891E70EADC007068CC /* MPBillModel.m */; };
		F560E78D1E70EB2D007068CC /* MPBookModel.m in Sources */ = {isa = PBXBuildFile; fileRef = F560E78C1E70EB2D007068CC /* MPBookModel.m */; };
		F560E7901E70EC84007068CC /* MPBillManager.m in Sources */ = {isa = PBXBuildFile; fileRef = F560E78F1E70EC84007068CC /* MPBillManager.m */; };
		F560E7931E70ECA9007068CC /* MPCategoryManager.m in Sources */ = {isa = PBXBuildFile; fileRef = F560E7921E70ECA9007068CC /* MPCategoryManager.m */; };
		F560E7961E70ECC2007068CC /* MPAccountManager.m in Sources */ = {isa = PBXBuildFile; fileRef = F560E7951E70ECC2007068CC /* MPAccountManager.m */; };
		F560E7991E70ECD7007068CC /* MPBookManager.m in Sources */ = {isa = PBXBuildFile; fileRef = F560E7981E70ECD7007068CC /* MPBookManager.m */; };
		F560E79C1E70F518007068CC /* MyUtils.m in Sources */ = {isa = PBXBuildFile; fileRef = F560E79B1E70F518007068CC /* MyUtils.m */; };
		F560E79F1E7103CA007068CC /* NSDate+MPPrint.m in Sources */ = {isa = PBXBuildFile; fileRef = F560E79E1E7103CA007068CC /* NSDate+MPPrint.m */; };
		F560E7A11E7136F0007068CC /* account.plist in Resources */ = {isa = PBXBuildFile; fileRef = F560E7A01E7136F0007068CC /* account.plist */; };
		F560E7A61E7185C6007068CC /* MPTimeLineItemTableViewCell.m in Sources */ = {isa = PBXBuildFile; fileRef = F560E7A41E7185C6007068CC /* MPTimeLineItemTableViewCell.m */; };
		F5AD3B0B1E6FB1AF003F7B69 /* MPCalendarView.m in Sources */ = {isa = PBXBuildFile; fileRef = F5AD3B0A1E6FB1AF003F7B69 /* MPCalendarView.m */; };
		F5AD3B181E702B9C003F7B69 /* MPAccountModel.m in Sources */ = {isa = PBXBuildFile; fileRef = F5AD3B171E702B9C003F7B69 /* MPAccountModel.m */; };
		F5AD3B1B1E702C56003F7B69 /* MPAccountPickerView.m in Sources */ = {isa = PBXBuildFile; fileRef = F5AD3B1A1E702C56003F7B69 /* MPAccountPickerView.m */; };
		F5AD3B1E1E703D60003F7B69 /* MPAccountPickerTableViewCell.m in Sources */ = {isa = PBXBuildFile; fileRef = F5AD3B1D1E703D60003F7B69 /* MPAccountPickerTableViewCell.m */; };
		F5AD3B201E703DB0003F7B69 /* MPAccountPickerTableViewCell.xib in Resources */ = {isa = PBXBuildFile; fileRef = F5AD3B1F1E703DB0003F7B69 /* MPAccountPickerTableViewCell.xib */; };
		F5C9A0E01E7E7EC20084B97B /* MPAccountAddView.m in Sources */ = {isa = PBXBuildFile; fileRef = F5C9A0DF1E7E7EC20084B97B /* MPAccountAddView.m */; };
		F5C9A0E21E7E7ECF0084B97B /* MPAccountAddView.xib in Resources */ = {isa = PBXBuildFile; fileRef = F5C9A0E11E7E7ECF0084B97B /* MPAccountAddView.xib */; };
		F5C9A0E51E7E84570084B97B /* MPCreateAccountViewController.m in Sources */ = {isa = PBXBuildFile; fileRef = F5C9A0E41E7E84570084B97B /* MPCreateAccountViewController.m */; };
		F5C9A0E71E7E89120084B97B /* color.plist in Resources */ = {isa = PBXBuildFile; fileRef = F5C9A0E61E7E89120084B97B /* color.plist */; };
		F5C9A0EA1E7E8A940084B97B /* UIColor+MPHex.m in Sources */ = {isa = PBXBuildFile; fileRef = F5C9A0E91E7E8A940084B97B /* UIColor+MPHex.m */; };
		F5C9A0ED1E7EA5610084B97B /* MPEditAccountNameViewController.m in Sources */ = {isa = PBXBuildFile; fileRef = F5C9A0EC1E7EA5610084B97B /* MPEditAccountNameViewController.m */; };
		F5C9A0F01E7EA71B0084B97B /* MPEditAccountMoneyViewController.m in Sources */ = {isa = PBXBuildFile; fileRef = F5C9A0EF1E7EA71B0084B97B /* MPEditAccountMoneyViewController.m */; };
		F5C9A0F31E7EAE5E0084B97B /* MPEditAccountColorViewController.m in Sources */ = {isa = PBXBuildFile; fileRef = F5C9A0F21E7EAE5E0084B97B /* MPEditAccountColorViewController.m */; };
		F5C9A0F61E7EB5B80084B97B /* MPColorCollectionViewCell.m in Sources */ = {isa = PBXBuildFile; fileRef = F5C9A0F51E7EB5B80084B97B /* MPColorCollectionViewCell.m */; };
		F5C9A0F91E7EC8D90084B97B /* MPEditAccountTableViewCell.m in Sources */ = {isa = PBXBuildFile; fileRef = F5C9A0F81E7EC8D90084B97B /* MPEditAccountTableViewCell.m */; };
		F5E6A58D1E7BDF8B00BDCFB5 /* MPTableView.m in Sources */ = {isa = PBXBuildFile; fileRef = F5E6A58C1E7BDF8B00BDCFB5 /* MPTableView.m */; };
		F5E6A5901E7C0BF700BDCFB5 /* MPTimeLineHeaderModel.m in Sources */ = {isa = PBXBuildFile; fileRef = F5E6A58F1E7C0BF700BDCFB5 /* MPTimeLineHeaderModel.m */; };
		F5ECA9A91E6EB36700007969 /* MPBaseCategoryCollectionViewController.m in Sources */ = {isa = PBXBuildFile; fileRef = F5ECA9A81E6EB36700007969 /* MPBaseCategoryCollectionViewController.m */; };
		F5ECA9AC1E6EEB9300007969 /* MPCalculatorView.m in Sources */ = {isa = PBXBuildFile; fileRef = F5ECA9AB1E6EEB9300007969 /* MPCalculatorView.m */; };
		F5ECA9AE1E6EEEEB00007969 /* MPCalculatorView.xib in Resources */ = {isa = PBXBuildFile; fileRef = F5ECA9AD1E6EEEEB00007969 /* MPCalculatorView.xib */; };
		F5F202F31E78CF8900F18F6E /* MPBookListCollectionViewCell.m in Sources */ = {isa = PBXBuildFile; fileRef = F5F202F21E78CF8900F18F6E /* MPBookListCollectionViewCell.m */; };
		F5F202F61E78E8D600F18F6E /* MPCreateBookCollectionViewCell.m in Sources */ = {isa = PBXBuildFile; fileRef = F5F202F51E78E8D600F18F6E /* MPCreateBookCollectionViewCell.m */; };
		F5F202F91E79290600F18F6E /* MPCreateBookView.m in Sources */ = {isa = PBXBuildFile; fileRef = F5F202F81E79290600F18F6E /* MPCreateBookView.m */; };
		F5F202FC1E79386600F18F6E /* SVProgressHUD+MPTips.m in Sources */ = {isa = PBXBuildFile; fileRef = F5F202FB1E79386600F18F6E /* SVProgressHUD+MPTips.m */; };
		F5FE7B3B1E763A0E003D1B6D /* MPDayBillModel.m in Sources */ = {isa = PBXBuildFile; fileRef = F5FE7B3A1E763A0E003D1B6D /* MPDayBillModel.m */; };
/* End PBXBuildFile section */

/* Begin PBXContainerItemProxy section */
		F52BCC651E6AEAF60036234E /* PBXContainerItemProxy */ = {
			isa = PBXContainerItemProxy;
			containerPortal = F52BCC431E6AEAF60036234E /* Project object */;
			proxyType = 1;
			remoteGlobalIDString = F52BCC4A1E6AEAF60036234E;
			remoteInfo = MPTally;
		};
		F52BCC701E6AEAF60036234E /* PBXContainerItemProxy */ = {
			isa = PBXContainerItemProxy;
			containerPortal = F52BCC431E6AEAF60036234E /* Project object */;
			proxyType = 1;
			remoteGlobalIDString = F52BCC4A1E6AEAF60036234E;
			remoteInfo = MPTally;
		};
/* End PBXContainerItemProxy section */

/* Begin PBXFileReference section */
		206FAD940693780DE49F9B9E /* Pods-MPTally.debug.xcconfig */ = {isa = PBXFileReference; includeInIndex = 1; lastKnownFileType = text.xcconfig; name = "Pods-MPTally.debug.xcconfig"; path = "Pods/Target Support Files/Pods-MPTally/Pods-MPTally.debug.xcconfig"; sourceTree = "<group>"; };
		23544DD4A27633AA1D8A16DA /* Pods-MPTallyUITests.release.xcconfig */ = {isa = PBXFileReference; includeInIndex = 1; lastKnownFileType = text.xcconfig; name = "Pods-MPTallyUITests.release.xcconfig"; path = "Pods/Target Support Files/Pods-MPTallyUITests/Pods-MPTallyUITests.release.xcconfig"; sourceTree = "<group>"; };
		2449E00251DF1F0AB6B2BC41 /* Pods-MPTallyTests.release.xcconfig */ = {isa = PBXFileReference; includeInIndex = 1; lastKnownFileType = text.xcconfig; name = "Pods-MPTallyTests.release.xcconfig"; path = "Pods/Target Support Files/Pods-MPTallyTests/Pods-MPTallyTests.release.xcconfig"; sourceTree = "<group>"; };
		6514137F560044753668E847 /* Pods-MPTallyUITests.debug.xcconfig */ = {isa = PBXFileReference; includeInIndex = 1; lastKnownFileType = text.xcconfig; name = "Pods-MPTallyUITests.debug.xcconfig"; path = "Pods/Target Support Files/Pods-MPTallyUITests/Pods-MPTallyUITests.debug.xcconfig"; sourceTree = "<group>"; };
		8DCF2B45177FDB3871DA3D2B /* Pods-MPTally.release.xcconfig */ = {isa = PBXFileReference; includeInIndex = 1; lastKnownFileType = text.xcconfig; name = "Pods-MPTally.release.xcconfig"; path = "Pods/Target Support Files/Pods-MPTally/Pods-MPTally.release.xcconfig"; sourceTree = "<group>"; };
		90374369BD6E12BE3C71D224 /* Pods-MPTallyTests.debug.xcconfig */ = {isa = PBXFileReference; includeInIndex = 1; lastKnownFileType = text.xcconfig; name = "Pods-MPTallyTests.debug.xcconfig"; path = "Pods/Target Support Files/Pods-MPTallyTests/Pods-MPTallyTests.debug.xcconfig"; sourceTree = "<group>"; };
		C8EAD6B0B9D99168D4522450 /* libPods-MPTallyUITests.a */ = {isa = PBXFileReference; explicitFileType = archive.ar; includeInIndex = 0; path = "libPods-MPTallyUITests.a"; sourceTree = BUILT_PRODUCTS_DIR; };
		D482B59F8CF55D80F46A72E8 /* libPods-MPTally.a */ = {isa = PBXFileReference; explicitFileType = archive.ar; includeInIndex = 0; path = "libPods-MPTally.a"; sourceTree = BUILT_PRODUCTS_DIR; };
		F51BB89F1E7FF4C6007F1741 /* MPAccountDetailViewController.h */ = {isa = PBXFileReference; fileEncoding = 4; lastKnownFileType = sourcecode.c.h; path = MPAccountDetailViewController.h; sourceTree = "<group>"; };
		F51BB8A01E7FF4C6007F1741 /* MPAccountDetailViewController.m */ = {isa = PBXFileReference; fileEncoding = 4; lastKnownFileType = sourcecode.c.objc; path = MPAccountDetailViewController.m; sourceTree = "<group>"; };
		F52BCC4B1E6AEAF60036234E /* MPTally.app */ = {isa = PBXFileReference; explicitFileType = wrapper.application; includeInIndex = 0; path = MPTally.app; sourceTree = BUILT_PRODUCTS_DIR; };
		F52BCC4F1E6AEAF60036234E /* main.m */ = {isa = PBXFileReference; lastKnownFileType = sourcecode.c.objc; path = main.m; sourceTree = "<group>"; };
		F52BCC5A1E6AEAF60036234E /* Assets.xcassets */ = {isa = PBXFileReference; lastKnownFileType = folder.assetcatalog; path = Assets.xcassets; sourceTree = "<group>"; };
		F52BCC5D1E6AEAF60036234E /* Base */ = {isa = PBXFileReference; lastKnownFileType = file.storyboard; name = Base; path = Base.lproj/LaunchScreen.storyboard; sourceTree = "<group>"; };
		F52BCC5F1E6AEAF60036234E /* Info.plist */ = {isa = PBXFileReference; lastKnownFileType = text.plist.xml; path = Info.plist; sourceTree = "<group>"; };
		F52BCC641E6AEAF60036234E /* MPTallyTests.xctest */ = {isa = PBXFileReference; explicitFileType = wrapper.cfbundle; includeInIndex = 0; path = MPTallyTests.xctest; sourceTree = BUILT_PRODUCTS_DIR; };
		F52BCC681E6AEAF60036234E /* MPTallyTests.m */ = {isa = PBXFileReference; lastKnownFileType = sourcecode.c.objc; path = MPTallyTests.m; sourceTree = "<group>"; };
		F52BCC6A1E6AEAF60036234E /* Info.plist */ = {isa = PBXFileReference; lastKnownFileType = text.plist.xml; path = Info.plist; sourceTree = "<group>"; };
		F52BCC6F1E6AEAF60036234E /* MPTallyUITests.xctest */ = {isa = PBXFileReference; explicitFileType = wrapper.cfbundle; includeInIndex = 0; path = MPTallyUITests.xctest; sourceTree = BUILT_PRODUCTS_DIR; };
		F52BCC731E6AEAF60036234E /* MPTallyUITests.m */ = {isa = PBXFileReference; lastKnownFileType = sourcecode.c.objc; path = MPTallyUITests.m; sourceTree = "<group>"; };
		F52BCC751E6AEAF60036234E /* Info.plist */ = {isa = PBXFileReference; lastKnownFileType = text.plist.xml; path = Info.plist; sourceTree = "<group>"; };
		F52BCC8C1E6AECE60036234E /* MPConst.h */ = {isa = PBXFileReference; fileEncoding = 4; lastKnownFileType = sourcecode.c.h; path = MPConst.h; sourceTree = "<group>"; };
		F52BCC8D1E6AECE60036234E /* MPConst.m */ = {isa = PBXFileReference; fileEncoding = 4; lastKnownFileType = sourcecode.c.objc; path = MPConst.m; sourceTree = "<group>"; };
		F52BCC901E6AEE1A0036234E /* UIView+MPExtension.h */ = {isa = PBXFileReference; fileEncoding = 4; lastKnownFileType = sourcecode.c.h; path = "UIView+MPExtension.h"; sourceTree = "<group>"; };
		F52BCC911E6AEE1A0036234E /* UIView+MPExtension.m */ = {isa = PBXFileReference; fileEncoding = 4; lastKnownFileType = sourcecode.c.objc; path = "UIView+MPExtension.m"; sourceTree = "<group>"; };
		F52BCC931E6AEF530036234E /* Foundation+Log.m */ = {isa = PBXFileReference; fileEncoding = 4; lastKnownFileType = sourcecode.c.objc; path = "Foundation+Log.m"; sourceTree = "<group>"; };
		F52BCC951E6AEF630036234E /* Foundation+Log.h */ = {isa = PBXFileReference; lastKnownFileType = sourcecode.c.h; path = "Foundation+Log.h"; sourceTree = "<group>"; };
		F52BCC961E6AF0E20036234E /* MPTally.pch */ = {isa = PBXFileReference; lastKnownFileType = sourcecode.c.h; path = MPTally.pch; sourceTree = "<group>"; };
		F52BCC981E6AF20F0036234E /* AppDelegate.h */ = {isa = PBXFileReference; fileEncoding = 4; lastKnownFileType = sourcecode.c.h; path = AppDelegate.h; sourceTree = "<group>"; };
		F52BCC991E6AF20F0036234E /* AppDelegate.m */ = {isa = PBXFileReference; fileEncoding = 4; lastKnownFileType = sourcecode.c.objc; path = AppDelegate.m; sourceTree = "<group>"; };
		F52BCC9C1E6AF2480036234E /* MPTabBarController.h */ = {isa = PBXFileReference; fileEncoding = 4; lastKnownFileType = sourcecode.c.h; path = MPTabBarController.h; sourceTree = "<group>"; };
		F52BCC9D1E6AF2480036234E /* MPTabBarController.m */ = {isa = PBXFileReference; fileEncoding = 4; lastKnownFileType = sourcecode.c.objc; path = MPTabBarController.m; sourceTree = "<group>"; };
		F52BCC9F1E6AF4740036234E /* MPNavigationController.h */ = {isa = PBXFileReference; fileEncoding = 4; lastKnownFileType = sourcecode.c.h; path = MPNavigationController.h; sourceTree = "<group>"; };
		F52BCCA01E6AF4740036234E /* MPNavigationController.m */ = {isa = PBXFileReference; fileEncoding = 4; lastKnownFileType = sourcecode.c.objc; path = MPNavigationController.m; sourceTree = "<group>"; };
		F52BCCA81E6AF6E90036234E /* MPTabBar.h */ = {isa = PBXFileReference; fileEncoding = 4; lastKnownFileType = sourcecode.c.h; path = MPTabBar.h; sourceTree = "<group>"; };
		F52BCCA91E6AF6E90036234E /* MPTabBar.m */ = {isa = PBXFileReference; fileEncoding = 4; lastKnownFileType = sourcecode.c.objc; path = MPTabBar.m; sourceTree = "<group>"; };
		F52BCCAB1E6AF8AA0036234E /* MPBillTableViewController.h */ = {isa = PBXFileReference; fileEncoding = 4; lastKnownFileType = sourcecode.c.h; path = MPBillTableViewController.h; sourceTree = "<group>"; };
		F52BCCAC1E6AF8AA0036234E /* MPBillTableViewController.m */ = {isa = PBXFileReference; fileEncoding = 4; lastKnownFileType = sourcecode.c.objc; path = MPBillTableViewController.m; sourceTree = "<group>"; };
		F52BCCAE1E6AF8F30036234E /* MPReportFormViewController.h */ = {isa = PBXFileReference; fileEncoding = 4; lastKnownFileType = sourcecode.c.h; path = MPReportFormViewController.h; sourceTree = "<group>"; };
		F52BCCAF1E6AF8F30036234E /* MPReportFormViewController.m */ = {isa = PBXFileReference; fileEncoding = 4; lastKnownFileType = sourcecode.c.objc; path = MPReportFormViewController.m; sourceTree = "<group>"; };
		F52BCCB11E6AF91E0036234E /* MPSettingTableViewController.h */ = {isa = PBXFileReference; fileEncoding = 4; lastKnownFileType = sourcecode.c.h; path = MPSettingTableViewController.h; sourceTree = "<group>"; };
		F52BCCB21E6AF91E0036234E /* MPSettingTableViewController.m */ = {isa = PBXFileReference; fileEncoding = 4; lastKnownFileType = sourcecode.c.objc; path = MPSettingTableViewController.m; sourceTree = "<group>"; };
		F52BCCB41E6AF93C0036234E /* MPAccountTableViewController.h */ = {isa = PBXFileReference; fileEncoding = 4; lastKnownFileType = sourcecode.c.h; path = MPAccountTableViewController.h; sourceTree = "<group>"; };
		F52BCCB51E6AF93C0036234E /* MPAccountTableViewController.m */ = {isa = PBXFileReference; fileEncoding = 4; lastKnownFileType = sourcecode.c.objc; path = MPAccountTableViewController.m; sourceTree = "<group>"; };
		F52BCCB71E6AF95D0036234E /* MPCreateBillViewController.h */ = {isa = PBXFileReference; fileEncoding = 4; lastKnownFileType = sourcecode.c.h; path = MPCreateBillViewController.h; sourceTree = "<group>"; };
		F52BCCB81E6AF95D0036234E /* MPCreateBillViewController.m */ = {isa = PBXFileReference; fileEncoding = 4; lastKnownFileType = sourcecode.c.objc; path = MPCreateBillViewController.m; sourceTree = "<group>"; };
		F52BCCBB1E6BE9F10036234E /* category.plist */ = {isa = PBXFileReference; fileEncoding = 4; lastKnownFileType = text.plist.xml; path = category.plist; sourceTree = "<group>"; };
		F52BCCBD1E6BE9FC0036234E /* addCategory.plist */ = {isa = PBXFileReference; fileEncoding = 4; lastKnownFileType = text.plist.xml; path = addCategory.plist; sourceTree = "<group>"; };
		F52BCCC31E6BEF1C0036234E /* MPCreateBillHeaderView.xib */ = {isa = PBXFileReference; fileEncoding = 4; lastKnownFileType = file.xib; path = MPCreateBillHeaderView.xib; sourceTree = "<group>"; };
		F52BCCC51E6BEF670036234E /* MPCreateBillHeaderView.h */ = {isa = PBXFileReference; fileEncoding = 4; lastKnownFileType = sourcecode.c.h; path = MPCreateBillHeaderView.h; sourceTree = "<group>"; };
		F52BCCC61E6BEF670036234E /* MPCreateBillHeaderView.m */ = {isa = PBXFileReference; fileEncoding = 4; lastKnownFileType = sourcecode.c.objc; path = MPCreateBillHeaderView.m; sourceTree = "<group>"; };
		F52BCCCE1E6BF66F0036234E /* MPCategoryCollectionViewCell.h */ = {isa = PBXFileReference; fileEncoding = 4; lastKnownFileType = sourcecode.c.h; path = MPCategoryCollectionViewCell.h; sourceTree = "<group>"; };
		F52BCCCF1E6BF66F0036234E /* MPCategoryCollectionViewCell.m */ = {isa = PBXFileReference; fileEncoding = 4; lastKnownFileType = sourcecode.c.objc; path = MPCategoryCollectionViewCell.m; sourceTree = "<group>"; };
		F52BCCD11E6BF75C0036234E /* MPCategoryCollectionViewCell.xib */ = {isa = PBXFileReference; fileEncoding = 4; lastKnownFileType = file.xib; path = MPCategoryCollectionViewCell.xib; sourceTree = "<group>"; };
		F52BCCD31E6C08430036234E /* MPCategoryModel.h */ = {isa = PBXFileReference; fileEncoding = 4; lastKnownFileType = sourcecode.c.h; path = MPCategoryModel.h; sourceTree = "<group>"; };
		F52BCCD41E6C08430036234E /* MPCategoryModel.m */ = {isa = PBXFileReference; fileEncoding = 4; lastKnownFileType = sourcecode.c.objc; path = MPCategoryModel.m; sourceTree = "<group>"; };
		F541E7921E7784BF00556D46 /* MPBookListView.h */ = {isa = PBXFileReference; fileEncoding = 4; lastKnownFileType = sourcecode.c.h; path = MPBookListView.h; sourceTree = "<group>"; };
		F541E7931E7784BF00556D46 /* MPBookListView.m */ = {isa = PBXFileReference; fileEncoding = 4; lastKnownFileType = sourcecode.c.objc; path = MPBookListView.m; sourceTree = "<group>"; };
		F541E7961E77895800556D46 /* MPAccountTableViewCell.h */ = {isa = PBXFileReference; fileEncoding = 4; lastKnownFileType = sourcecode.c.h; path = MPAccountTableViewCell.h; sourceTree = "<group>"; };
		F541E7971E77895800556D46 /* MPAccountTableViewCell.m */ = {isa = PBXFileReference; fileEncoding = 4; lastKnownFileType = sourcecode.c.objc; path = MPAccountTableViewCell.m; sourceTree = "<group>"; };
		F541E7991E77896E00556D46 /* MPAccountTableViewCell.xib */ = {isa = PBXFileReference; fileEncoding = 4; lastKnownFileType = file.xib; path = MPAccountTableViewCell.xib; sourceTree = "<group>"; };
		F541E79E1E778CFF00556D46 /* MPAccountBalanceHeaderView.h */ = {isa = PBXFileReference; fileEncoding = 4; lastKnownFileType = sourcecode.c.h; path = MPAccountBalanceHeaderView.h; sourceTree = "<group>"; };
		F541E79F1E778CFF00556D46 /* MPAccountBalanceHeaderView.m */ = {isa = PBXFileReference; fileEncoding = 4; lastKnownFileType = sourcecode.c.objc; path = MPAccountBalanceHeaderView.m; sourceTree = "<group>"; };
		F541E7A11E778D0900556D46 /* MPAccountBalanceHeaderView.xib */ = {isa = PBXFileReference; fileEncoding = 4; lastKnownFileType = file.xib; path = MPAccountBalanceHeaderView.xib; sourceTree = "<group>"; };
		F541E7A31E7799A500556D46 /* MPTopBarView.h */ = {isa = PBXFileReference; fileEncoding = 4; lastKnownFileType = sourcecode.c.h; path = MPTopBarView.h; sourceTree = "<group>"; };
		F541E7A41E7799A500556D46 /* MPTopBarView.m */ = {isa = PBXFileReference; fileEncoding = 4; lastKnownFileType = sourcecode.c.objc; path = MPTopBarView.m; sourceTree = "<group>"; };
		F550AB331E8005240064C947 /* MPAccountDetailHeaderView.h */ = {isa = PBXFileReference; fileEncoding = 4; lastKnownFileType = sourcecode.c.h; path = MPAccountDetailHeaderView.h; sourceTree = "<group>"; };
		F550AB341E8005240064C947 /* MPAccountDetailHeaderView.m */ = {isa = PBXFileReference; fileEncoding = 4; lastKnownFileType = sourcecode.c.objc; path = MPAccountDetailHeaderView.m; sourceTree = "<group>"; };
		F550AB361E8005630064C947 /* MPAccountDetailHeaderView.xib */ = {isa = PBXFileReference; fileEncoding = 4; lastKnownFileType = file.xib; path = MPAccountDetailHeaderView.xib; sourceTree = "<group>"; };
		F554FCDE1E6C35A20032A60F /* MPIncomeCategoryViewController.h */ = {isa = PBXFileReference; fileEncoding = 4; lastKnownFileType = sourcecode.c.h; path = MPIncomeCategoryViewController.h; sourceTree = "<group>"; };
		F554FCDF1E6C35A20032A60F /* MPIncomeCategoryViewController.m */ = {isa = PBXFileReference; fileEncoding = 4; lastKnownFileType = sourcecode.c.objc; path = MPIncomeCategoryViewController.m; sourceTree = "<group>"; };
		F554FCE11E6C35B50032A60F /* MPOutcomeCategoryViewController.h */ = {isa = PBXFileReference; fileEncoding = 4; lastKnownFileType = sourcecode.c.h; path = MPOutcomeCategoryViewController.h; sourceTree = "<group>"; };
		F554FCE21E6C35B50032A60F /* MPOutcomeCategoryViewController.m */ = {isa = PBXFileReference; fileEncoding = 4; lastKnownFileType = sourcecode.c.objc; path = MPOutcomeCategoryViewController.m; sourceTree = "<group>"; };
		F555D3B41E728C050007AD24 /* MPTimeLineYearMonthMarkView.h */ = {isa = PBXFileReference; fileEncoding = 4; lastKnownFileType = sourcecode.c.h; path = MPTimeLineYearMonthMarkView.h; sourceTree = "<group>"; };
		F555D3B51E728C050007AD24 /* MPTimeLineYearMonthMarkView.m */ = {isa = PBXFileReference; fileEncoding = 4; lastKnownFileType = sourcecode.c.objc; path = MPTimeLineYearMonthMarkView.m; sourceTree = "<group>"; };
		F555D3B71E7297720007AD24 /* MPTimeLineHeaderView.h */ = {isa = PBXFileReference; fileEncoding = 4; lastKnownFileType = sourcecode.c.h; path = MPTimeLineHeaderView.h; sourceTree = "<group>"; };
		F555D3B81E7297720007AD24 /* MPTimeLineHeaderView.m */ = {isa = PBXFileReference; fileEncoding = 4; lastKnownFileType = sourcecode.c.objc; path = MPTimeLineHeaderView.m; sourceTree = "<group>"; };
		F555D3BA1E72D4690007AD24 /* MPTimeLineModel.h */ = {isa = PBXFileReference; fileEncoding = 4; lastKnownFileType = sourcecode.c.h; path = MPTimeLineModel.h; sourceTree = "<group>"; };
		F555D3BB1E72D4690007AD24 /* MPTimeLineModel.m */ = {isa = PBXFileReference; fileEncoding = 4; lastKnownFileType = sourcecode.c.objc; path = MPTimeLineModel.m; sourceTree = "<group>"; };
		F555D3BD1E72D5580007AD24 /* MPTimeLineDayTableViewCell.h */ = {isa = PBXFileReference; fileEncoding = 4; lastKnownFileType = sourcecode.c.h; path = MPTimeLineDayTableViewCell.h; sourceTree = "<group>"; };
		F555D3BE1E72D5580007AD24 /* MPTimeLineDayTableViewCell.m */ = {isa = PBXFileReference; fileEncoding = 4; lastKnownFileType = sourcecode.c.objc; path = MPTimeLineDayTableViewCell.m; sourceTree = "<group>"; };
		F560E77F1E70D852007068CC /* MPEditRemarkViewController.h */ = {isa = PBXFileReference; fileEncoding = 4; lastKnownFileType = sourcecode.c.h; path = MPEditRemarkViewController.h; sourceTree = "<group>"; };
		F560E7801E70D852007068CC /* MPEditRemarkViewController.m */ = {isa = PBXFileReference; fileEncoding = 4; lastKnownFileType = sourcecode.c.objc; path = MPEditRemarkViewController.m; sourceTree = "<group>"; };
		F560E7821E70DDF3007068CC /* FQPlaceholderTextView.h */ = {isa = PBXFileReference; fileEncoding = 4; lastKnownFileType = sourcecode.c.h; path = FQPlaceholderTextView.h; sourceTree = "<group>"; };
		F560E7831E70DDF3007068CC /* FQPlaceholderTextView.m */ = {isa = PBXFileReference; fileEncoding = 4; lastKnownFileType = sourcecode.c.objc; path = FQPlaceholderTextView.m; sourceTree = "<group>"; };
		F560E7881E70EADC007068CC /* MPBillModel.h */ = {isa = PBXFileReference; fileEncoding = 4; lastKnownFileType = sourcecode.c.h; path = MPBillModel.h; sourceTree = "<group>"; };
		F560E7891E70EADC007068CC /* MPBillModel.m */ = {isa = PBXFileReference; fileEncoding = 4; lastKnownFileType = sourcecode.c.objc; path = MPBillModel.m; sourceTree = "<group>"; };
		F560E78B1E70EB2D007068CC /* MPBookModel.h */ = {isa = PBXFileReference; fileEncoding = 4; lastKnownFileType = sourcecode.c.h; path = MPBookModel.h; sourceTree = "<group>"; };
		F560E78C1E70EB2D007068CC /* MPBookModel.m */ = {isa = PBXFileReference; fileEncoding = 4; lastKnownFileType = sourcecode.c.objc; path = MPBookModel.m; sourceTree = "<group>"; };
		F560E78E1E70EC84007068CC /* MPBillManager.h */ = {isa = PBXFileReference; fileEncoding = 4; lastKnownFileType = sourcecode.c.h; path = MPBillManager.h; sourceTree = "<group>"; };
		F560E78F1E70EC84007068CC /* MPBillManager.m */ = {isa = PBXFileReference; fileEncoding = 4; lastKnownFileType = sourcecode.c.objc; path = MPBillManager.m; sourceTree = "<group>"; };
		F560E7911E70ECA9007068CC /* MPCategoryManager.h */ = {isa = PBXFileReference; fileEncoding = 4; lastKnownFileType = sourcecode.c.h; path = MPCategoryManager.h; sourceTree = "<group>"; };
		F560E7921E70ECA9007068CC /* MPCategoryManager.m */ = {isa = PBXFileReference; fileEncoding = 4; lastKnownFileType = sourcecode.c.objc; path = MPCategoryManager.m; sourceTree = "<group>"; };
		F560E7941E70ECC2007068CC /* MPAccountManager.h */ = {isa = PBXFileReference; fileEncoding = 4; lastKnownFileType = sourcecode.c.h; path = MPAccountManager.h; sourceTree = "<group>"; };
		F560E7951E70ECC2007068CC /* MPAccountManager.m */ = {isa = PBXFileReference; fileEncoding = 4; lastKnownFileType = sourcecode.c.objc; path = MPAccountManager.m; sourceTree = "<group>"; };
		F560E7971E70ECD7007068CC /* MPBookManager.h */ = {isa = PBXFileReference; fileEncoding = 4; lastKnownFileType = sourcecode.c.h; path = MPBookManager.h; sourceTree = "<group>"; };
		F560E7981E70ECD7007068CC /* MPBookManager.m */ = {isa = PBXFileReference; fileEncoding = 4; lastKnownFileType = sourcecode.c.objc; path = MPBookManager.m; sourceTree = "<group>"; };
		F560E79A1E70F518007068CC /* MyUtils.h */ = {isa = PBXFileReference; fileEncoding = 4; lastKnownFileType = sourcecode.c.h; path = MyUtils.h; sourceTree = "<group>"; };
		F560E79B1E70F518007068CC /* MyUtils.m */ = {isa = PBXFileReference; fileEncoding = 4; lastKnownFileType = sourcecode.c.objc; path = MyUtils.m; sourceTree = "<group>"; };
		F560E79D1E7103CA007068CC /* NSDate+MPPrint.h */ = {isa = PBXFileReference; fileEncoding = 4; lastKnownFileType = sourcecode.c.h; path = "NSDate+MPPrint.h"; sourceTree = "<group>"; };
		F560E79E1E7103CA007068CC /* NSDate+MPPrint.m */ = {isa = PBXFileReference; fileEncoding = 4; lastKnownFileType = sourcecode.c.objc; path = "NSDate+MPPrint.m"; sourceTree = "<group>"; };
		F560E7A01E7136F0007068CC /* account.plist */ = {isa = PBXFileReference; fileEncoding = 4; lastKnownFileType = text.plist.xml; path = account.plist; sourceTree = "<group>"; };
		F560E7A31E7185C6007068CC /* MPTimeLineItemTableViewCell.h */ = {isa = PBXFileReference; fileEncoding = 4; lastKnownFileType = sourcecode.c.h; path = MPTimeLineItemTableViewCell.h; sourceTree = "<group>"; };
		F560E7A41E7185C6007068CC /* MPTimeLineItemTableViewCell.m */ = {isa = PBXFileReference; fileEncoding = 4; lastKnownFileType = sourcecode.c.objc; path = MPTimeLineItemTableViewCell.m; sourceTree = "<group>"; };
		F5AD3B091E6FB1AF003F7B69 /* MPCalendarView.h */ = {isa = PBXFileReference; fileEncoding = 4; lastKnownFileType = sourcecode.c.h; path = MPCalendarView.h; sourceTree = "<group>"; };
		F5AD3B0A1E6FB1AF003F7B69 /* MPCalendarView.m */ = {isa = PBXFileReference; fileEncoding = 4; lastKnownFileType = sourcecode.c.objc; path = MPCalendarView.m; sourceTree = "<group>"; };
		F5AD3B161E702B9C003F7B69 /* MPAccountModel.h */ = {isa = PBXFileReference; fileEncoding = 4; lastKnownFileType = sourcecode.c.h; path = MPAccountModel.h; sourceTree = "<group>"; };
		F5AD3B171E702B9C003F7B69 /* MPAccountModel.m */ = {isa = PBXFileReference; fileEncoding = 4; lastKnownFileType = sourcecode.c.objc; path = MPAccountModel.m; sourceTree = "<group>"; };
		F5AD3B191E702C56003F7B69 /* MPAccountPickerView.h */ = {isa = PBXFileReference; fileEncoding = 4; lastKnownFileType = sourcecode.c.h; path = MPAccountPickerView.h; sourceTree = "<group>"; };
		F5AD3B1A1E702C56003F7B69 /* MPAccountPickerView.m */ = {isa = PBXFileReference; fileEncoding = 4; lastKnownFileType = sourcecode.c.objc; path = MPAccountPickerView.m; sourceTree = "<group>"; };
		F5AD3B1C1E703D60003F7B69 /* MPAccountPickerTableViewCell.h */ = {isa = PBXFileReference; fileEncoding = 4; lastKnownFileType = sourcecode.c.h; path = MPAccountPickerTableViewCell.h; sourceTree = "<group>"; };
		F5AD3B1D1E703D60003F7B69 /* MPAccountPickerTableViewCell.m */ = {isa = PBXFileReference; fileEncoding = 4; lastKnownFileType = sourcecode.c.objc; path = MPAccountPickerTableViewCell.m; sourceTree = "<group>"; };
		F5AD3B1F1E703DB0003F7B69 /* MPAccountPickerTableViewCell.xib */ = {isa = PBXFileReference; fileEncoding = 4; lastKnownFileType = file.xib; path = MPAccountPickerTableViewCell.xib; sourceTree = "<group>"; };
		F5C9A0DE1E7E7EC20084B97B /* MPAccountAddView.h */ = {isa = PBXFileReference; fileEncoding = 4; lastKnownFileType = sourcecode.c.h; path = MPAccountAddView.h; sourceTree = "<group>"; };
		F5C9A0DF1E7E7EC20084B97B /* MPAccountAddView.m */ = {isa = PBXFileReference; fileEncoding = 4; lastKnownFileType = sourcecode.c.objc; path = MPAccountAddView.m; sourceTree = "<group>"; };
		F5C9A0E11E7E7ECF0084B97B /* MPAccountAddView.xib */ = {isa = PBXFileReference; fileEncoding = 4; lastKnownFileType = file.xib; path = MPAccountAddView.xib; sourceTree = "<group>"; };
		F5C9A0E31E7E84570084B97B /* MPCreateAccountViewController.h */ = {isa = PBXFileReference; fileEncoding = 4; lastKnownFileType = sourcecode.c.h; path = MPCreateAccountViewController.h; sourceTree = "<group>"; };
		F5C9A0E41E7E84570084B97B /* MPCreateAccountViewController.m */ = {isa = PBXFileReference; fileEncoding = 4; lastKnownFileType = sourcecode.c.objc; path = MPCreateAccountViewController.m; sourceTree = "<group>"; };
		F5C9A0E61E7E89120084B97B /* color.plist */ = {isa = PBXFileReference; fileEncoding = 4; lastKnownFileType = text.plist.xml; path = color.plist; sourceTree = "<group>"; };
		F5C9A0E81E7E8A940084B97B /* UIColor+MPHex.h */ = {isa = PBXFileReference; fileEncoding = 4; lastKnownFileType = sourcecode.c.h; path = "UIColor+MPHex.h"; sourceTree = "<group>"; };
		F5C9A0E91E7E8A940084B97B /* UIColor+MPHex.m */ = {isa = PBXFileReference; fileEncoding = 4; lastKnownFileType = sourcecode.c.objc; path = "UIColor+MPHex.m"; sourceTree = "<group>"; };
		F5C9A0EB1E7EA5610084B97B /* MPEditAccountNameViewController.h */ = {isa = PBXFileReference; fileEncoding = 4; lastKnownFileType = sourcecode.c.h; path = MPEditAccountNameViewController.h; sourceTree = "<group>"; };
		F5C9A0EC1E7EA5610084B97B /* MPEditAccountNameViewController.m */ = {isa = PBXFileReference; fileEncoding = 4; lastKnownFileType = sourcecode.c.objc; path = MPEditAccountNameViewController.m; sourceTree = "<group>"; };
		F5C9A0EE1E7EA71B0084B97B /* MPEditAccountMoneyViewController.h */ = {isa = PBXFileReference; fileEncoding = 4; lastKnownFileType = sourcecode.c.h; path = MPEditAccountMoneyViewController.h; sourceTree = "<group>"; };
		F5C9A0EF1E7EA71B0084B97B /* MPEditAccountMoneyViewController.m */ = {isa = PBXFileReference; fileEncoding = 4; lastKnownFileType = sourcecode.c.objc; path = MPEditAccountMoneyViewController.m; sourceTree = "<group>"; };
		F5C9A0F11E7EAE5E0084B97B /* MPEditAccountColorViewController.h */ = {isa = PBXFileReference; fileEncoding = 4; lastKnownFileType = sourcecode.c.h; path = MPEditAccountColorViewController.h; sourceTree = "<group>"; };
		F5C9A0F21E7EAE5E0084B97B /* MPEditAccountColorViewController.m */ = {isa = PBXFileReference; fileEncoding = 4; lastKnownFileType = sourcecode.c.objc; path = MPEditAccountColorViewController.m; sourceTree = "<group>"; };
		F5C9A0F41E7EB5B80084B97B /* MPColorCollectionViewCell.h */ = {isa = PBXFileReference; fileEncoding = 4; lastKnownFileType = sourcecode.c.h; path = MPColorCollectionViewCell.h; sourceTree = "<group>"; };
		F5C9A0F51E7EB5B80084B97B /* MPColorCollectionViewCell.m */ = {isa = PBXFileReference; fileEncoding = 4; lastKnownFileType = sourcecode.c.objc; path = MPColorCollectionViewCell.m; sourceTree = "<group>"; };
		F5C9A0F71E7EC8D90084B97B /* MPEditAccountTableViewCell.h */ = {isa = PBXFileReference; fileEncoding = 4; lastKnownFileType = sourcecode.c.h; path = MPEditAccountTableViewCell.h; sourceTree = "<group>"; };
		F5C9A0F81E7EC8D90084B97B /* MPEditAccountTableViewCell.m */ = {isa = PBXFileReference; fileEncoding = 4; lastKnownFileType = sourcecode.c.objc; path = MPEditAccountTableViewCell.m; sourceTree = "<group>"; };
		F5E6A58B1E7BDF8B00BDCFB5 /* MPTableView.h */ = {isa = PBXFileReference; fileEncoding = 4; lastKnownFileType = sourcecode.c.h; path = MPTableView.h; sourceTree = "<group>"; };
		F5E6A58C1E7BDF8B00BDCFB5 /* MPTableView.m */ = {isa = PBXFileReference; fileEncoding = 4; lastKnownFileType = sourcecode.c.objc; path = MPTableView.m; sourceTree = "<group>"; };
		F5E6A58E1E7C0BF700BDCFB5 /* MPTimeLineHeaderModel.h */ = {isa = PBXFileReference; fileEncoding = 4; lastKnownFileType = sourcecode.c.h; path = MPTimeLineHeaderModel.h; sourceTree = "<group>"; };
		F5E6A58F1E7C0BF700BDCFB5 /* MPTimeLineHeaderModel.m */ = {isa = PBXFileReference; fileEncoding = 4; lastKnownFileType = sourcecode.c.objc; path = MPTimeLineHeaderModel.m; sourceTree = "<group>"; };
		F5ECA9A71E6EB36700007969 /* MPBaseCategoryCollectionViewController.h */ = {isa = PBXFileReference; fileEncoding = 4; lastKnownFileType = sourcecode.c.h; path = MPBaseCategoryCollectionViewController.h; sourceTree = "<group>"; };
		F5ECA9A81E6EB36700007969 /* MPBaseCategoryCollectionViewController.m */ = {isa = PBXFileReference; fileEncoding = 4; lastKnownFileType = sourcecode.c.objc; path = MPBaseCategoryCollectionViewController.m; sourceTree = "<group>"; };
		F5ECA9AA1E6EEB9300007969 /* MPCalculatorView.h */ = {isa = PBXFileReference; fileEncoding = 4; lastKnownFileType = sourcecode.c.h; path = MPCalculatorView.h; sourceTree = "<group>"; };
		F5ECA9AB1E6EEB9300007969 /* MPCalculatorView.m */ = {isa = PBXFileReference; fileEncoding = 4; lastKnownFileType = sourcecode.c.objc; path = MPCalculatorView.m; sourceTree = "<group>"; };
		F5ECA9AD1E6EEEEB00007969 /* MPCalculatorView.xib */ = {isa = PBXFileReference; fileEncoding = 4; lastKnownFileType = file.xib; path = MPCalculatorView.xib; sourceTree = "<group>"; };
		F5F202F11E78CF8900F18F6E /* MPBookListCollectionViewCell.h */ = {isa = PBXFileReference; fileEncoding = 4; lastKnownFileType = sourcecode.c.h; path = MPBookListCollectionViewCell.h; sourceTree = "<group>"; };
		F5F202F21E78CF8900F18F6E /* MPBookListCollectionViewCell.m */ = {isa = PBXFileReference; fileEncoding = 4; lastKnownFileType = sourcecode.c.objc; path = MPBookListCollectionViewCell.m; sourceTree = "<group>"; };
		F5F202F41E78E8D600F18F6E /* MPCreateBookCollectionViewCell.h */ = {isa = PBXFileReference; fileEncoding = 4; lastKnownFileType = sourcecode.c.h; path = MPCreateBookCollectionViewCell.h; sourceTree = "<group>"; };
		F5F202F51E78E8D600F18F6E /* MPCreateBookCollectionViewCell.m */ = {isa = PBXFileReference; fileEncoding = 4; lastKnownFileType = sourcecode.c.objc; path = MPCreateBookCollectionViewCell.m; sourceTree = "<group>"; };
		F5F202F71E79290600F18F6E /* MPCreateBookView.h */ = {isa = PBXFileReference; fileEncoding = 4; lastKnownFileType = sourcecode.c.h; path = MPCreateBookView.h; sourceTree = "<group>"; };
		F5F202F81E79290600F18F6E /* MPCreateBookView.m */ = {isa = PBXFileReference; fileEncoding = 4; lastKnownFileType = sourcecode.c.objc; path = MPCreateBookView.m; sourceTree = "<group>"; };
		F5F202FA1E79386600F18F6E /* SVProgressHUD+MPTips.h */ = {isa = PBXFileReference; fileEncoding = 4; lastKnownFileType = sourcecode.c.h; path = "SVProgressHUD+MPTips.h"; sourceTree = "<group>"; };
		F5F202FB1E79386600F18F6E /* SVProgressHUD+MPTips.m */ = {isa = PBXFileReference; fileEncoding = 4; lastKnownFileType = sourcecode.c.objc; path = "SVProgressHUD+MPTips.m"; sourceTree = "<group>"; };
		F5FE7B391E763A0E003D1B6D /* MPDayBillModel.h */ = {isa = PBXFileReference; fileEncoding = 4; lastKnownFileType = sourcecode.c.h; path = MPDayBillModel.h; sourceTree = "<group>"; };
		F5FE7B3A1E763A0E003D1B6D /* MPDayBillModel.m */ = {isa = PBXFileReference; fileEncoding = 4; lastKnownFileType = sourcecode.c.objc; path = MPDayBillModel.m; sourceTree = "<group>"; };
		FC3A543055DA3B668913FF79 /* libPods-MPTallyTests.a */ = {isa = PBXFileReference; explicitFileType = archive.ar; includeInIndex = 0; path = "libPods-MPTallyTests.a"; sourceTree = BUILT_PRODUCTS_DIR; };
/* End PBXFileReference section */

/* Begin PBXFrameworksBuildPhase section */
		F52BCC481E6AEAF60036234E /* Frameworks */ = {
			isa = PBXFrameworksBuildPhase;
			buildActionMask = 2147483647;
			files = (
				9A72D997207E2C6E2A7FFF88 /* libPods-MPTally.a in Frameworks */,
			);
			runOnlyForDeploymentPostprocessing = 0;
		};
		F52BCC611E6AEAF60036234E /* Frameworks */ = {
			isa = PBXFrameworksBuildPhase;
			buildActionMask = 2147483647;
			files = (
				8E16A33A88367558071A8F45 /* libPods-MPTallyTests.a in Frameworks */,
			);
			runOnlyForDeploymentPostprocessing = 0;
		};
		F52BCC6C1E6AEAF60036234E /* Frameworks */ = {
			isa = PBXFrameworksBuildPhase;
			buildActionMask = 2147483647;
			files = (
				F4383992E9243CE477366E09 /* libPods-MPTallyUITests.a in Frameworks */,
			);
			runOnlyForDeploymentPostprocessing = 0;
		};
/* End PBXFrameworksBuildPhase section */

/* Begin PBXGroup section */
		65D1844870A2B8E9F376EBD0 /* Frameworks */ = {
			isa = PBXGroup;
			children = (
				D482B59F8CF55D80F46A72E8 /* libPods-MPTally.a */,
				FC3A543055DA3B668913FF79 /* libPods-MPTallyTests.a */,
				C8EAD6B0B9D99168D4522450 /* libPods-MPTallyUITests.a */,
			);
			name = Frameworks;
			sourceTree = "<group>";
		};
		8E03A35830247E95E6916C6E /* Pods */ = {
			isa = PBXGroup;
			children = (
				206FAD940693780DE49F9B9E /* Pods-MPTally.debug.xcconfig */,
				8DCF2B45177FDB3871DA3D2B /* Pods-MPTally.release.xcconfig */,
				90374369BD6E12BE3C71D224 /* Pods-MPTallyTests.debug.xcconfig */,
				2449E00251DF1F0AB6B2BC41 /* Pods-MPTallyTests.release.xcconfig */,
				6514137F560044753668E847 /* Pods-MPTallyUITests.debug.xcconfig */,
				23544DD4A27633AA1D8A16DA /* Pods-MPTallyUITests.release.xcconfig */,
			);
			name = Pods;
			sourceTree = "<group>";
		};
		F52BCC421E6AEAF60036234E = {
			isa = PBXGroup;
			children = (
				F52BCC4D1E6AEAF60036234E /* MPTally */,
				F52BCC671E6AEAF60036234E /* MPTallyTests */,
				F52BCC721E6AEAF60036234E /* MPTallyUITests */,
				F52BCC4C1E6AEAF60036234E /* Products */,
				8E03A35830247E95E6916C6E /* Pods */,
				65D1844870A2B8E9F376EBD0 /* Frameworks */,
			);
			sourceTree = "<group>";
		};
		F52BCC4C1E6AEAF60036234E /* Products */ = {
			isa = PBXGroup;
			children = (
				F52BCC4B1E6AEAF60036234E /* MPTally.app */,
				F52BCC641E6AEAF60036234E /* MPTallyTests.xctest */,
				F52BCC6F1E6AEAF60036234E /* MPTallyUITests.xctest */,
			);
			name = Products;
			sourceTree = "<group>";
		};
		F52BCC4D1E6AEAF60036234E /* MPTally */ = {
			isa = PBXGroup;
			children = (
				F5ECA9AF1E6F063400007969 /* Lib */,
				F52BCCBA1E6BE9E50036234E /* Resource */,
				F52BCC971E6AF20F0036234E /* Application */,
				F52BCC8B1E6AECB70036234E /* Controller */,
				F52BCC861E6AECB10036234E /* Model */,
				F52BCC871E6AECB10036234E /* Other */,
				F52BCC891E6AECB10036234E /* Utils */,
				F52BCC8A1E6AECB10036234E /* View */,
				F52BCC5A1E6AEAF60036234E /* Assets.xcassets */,
				F52BCC5C1E6AEAF60036234E /* LaunchScreen.storyboard */,
				F52BCC5F1E6AEAF60036234E /* Info.plist */,
				F52BCC4E1E6AEAF60036234E /* Supporting Files */,
			);
			path = MPTally;
			sourceTree = "<group>";
		};
		F52BCC4E1E6AEAF60036234E /* Supporting Files */ = {
			isa = PBXGroup;
			children = (
				F52BCC4F1E6AEAF60036234E /* main.m */,
			);
			name = "Supporting Files";
			sourceTree = "<group>";
		};
		F52BCC671E6AEAF60036234E /* MPTallyTests */ = {
			isa = PBXGroup;
			children = (
				F52BCC681E6AEAF60036234E /* MPTallyTests.m */,
				F52BCC6A1E6AEAF60036234E /* Info.plist */,
			);
			path = MPTallyTests;
			sourceTree = "<group>";
		};
		F52BCC721E6AEAF60036234E /* MPTallyUITests */ = {
			isa = PBXGroup;
			children = (
				F52BCC731E6AEAF60036234E /* MPTallyUITests.m */,
				F52BCC751E6AEAF60036234E /* Info.plist */,
			);
			path = MPTallyUITests;
			sourceTree = "<group>";
		};
		F52BCC861E6AECB10036234E /* Model */ = {
			isa = PBXGroup;
			children = (
				F52BCCD31E6C08430036234E /* MPCategoryModel.h */,
				F52BCCD41E6C08430036234E /* MPCategoryModel.m */,
				F5AD3B161E702B9C003F7B69 /* MPAccountModel.h */,
				F5AD3B171E702B9C003F7B69 /* MPAccountModel.m */,
				F560E7881E70EADC007068CC /* MPBillModel.h */,
				F560E7891E70EADC007068CC /* MPBillModel.m */,
				F560E78B1E70EB2D007068CC /* MPBookModel.h */,
				F560E78C1E70EB2D007068CC /* MPBookModel.m */,
				F555D3BA1E72D4690007AD24 /* MPTimeLineModel.h */,
				F555D3BB1E72D4690007AD24 /* MPTimeLineModel.m */,
				F5FE7B391E763A0E003D1B6D /* MPDayBillModel.h */,
				F5FE7B3A1E763A0E003D1B6D /* MPDayBillModel.m */,
				F5E6A58E1E7C0BF700BDCFB5 /* MPTimeLineHeaderModel.h */,
				F5E6A58F1E7C0BF700BDCFB5 /* MPTimeLineHeaderModel.m */,
			);
			path = Model;
			sourceTree = "<group>";
		};
		F52BCC871E6AECB10036234E /* Other */ = {
			isa = PBXGroup;
			children = (
				F52BCC8F1E6AED680036234E /* Category */,
				F52BCC8C1E6AECE60036234E /* MPConst.h */,
				F52BCC8D1E6AECE60036234E /* MPConst.m */,
				F52BCC961E6AF0E20036234E /* MPTally.pch */,
			);
			path = Other;
			sourceTree = "<group>";
		};
		F52BCC891E6AECB10036234E /* Utils */ = {
			isa = PBXGroup;
			children = (
				F560E78E1E70EC84007068CC /* MPBillManager.h */,
				F560E78F1E70EC84007068CC /* MPBillManager.m */,
				F560E7911E70ECA9007068CC /* MPCategoryManager.h */,
				F560E7921E70ECA9007068CC /* MPCategoryManager.m */,
				F560E7941E70ECC2007068CC /* MPAccountManager.h */,
				F560E7951E70ECC2007068CC /* MPAccountManager.m */,
				F560E7971E70ECD7007068CC /* MPBookManager.h */,
				F560E7981E70ECD7007068CC /* MPBookManager.m */,
				F560E79A1E70F518007068CC /* MyUtils.h */,
				F560E79B1E70F518007068CC /* MyUtils.m */,
			);
			path = Utils;
			sourceTree = "<group>";
		};
		F52BCC8A1E6AECB10036234E /* View */ = {
			isa = PBXGroup;
			children = (
				F541E7951E77894700556D46 /* Wallet */,
				F560E7A21E7185B1007068CC /* Bill */,
				F52BCCBF1E6BEEA70036234E /* CreateBill */,
				F52BCCA71E6AF57B0036234E /* Root */,
			);
			path = View;
			sourceTree = "<group>";
		};
		F52BCC8B1E6AECB70036234E /* Controller */ = {
			isa = PBXGroup;
			children = (
				F52BCCA21E6AF5630036234E /* Bill */,
				F52BCCA31E6AF5630036234E /* CreateBill */,
				F52BCCA41E6AF5630036234E /* Forms */,
				F52BCCA51E6AF5630036234E /* Setting */,
				F52BCCA61E6AF5630036234E /* Wallet */,
				F52BCC9B1E6AF2250036234E /* Root */,
			);
			path = Controller;
			sourceTree = "<group>";
		};
		F52BCC8F1E6AED680036234E /* Category */ = {
			isa = PBXGroup;
			children = (
				F52BCC951E6AEF630036234E /* Foundation+Log.h */,
				F52BCC931E6AEF530036234E /* Foundation+Log.m */,
				F52BCC901E6AEE1A0036234E /* UIView+MPExtension.h */,
				F52BCC911E6AEE1A0036234E /* UIView+MPExtension.m */,
				F560E79D1E7103CA007068CC /* NSDate+MPPrint.h */,
				F560E79E1E7103CA007068CC /* NSDate+MPPrint.m */,
				F5F202FA1E79386600F18F6E /* SVProgressHUD+MPTips.h */,
				F5F202FB1E79386600F18F6E /* SVProgressHUD+MPTips.m */,
				F5C9A0E81E7E8A940084B97B /* UIColor+MPHex.h */,
				F5C9A0E91E7E8A940084B97B /* UIColor+MPHex.m */,
			);
			path = Category;
			sourceTree = "<group>";
		};
		F52BCC971E6AF20F0036234E /* Application */ = {
			isa = PBXGroup;
			children = (
				F52BCC981E6AF20F0036234E /* AppDelegate.h */,
				F52BCC991E6AF20F0036234E /* AppDelegate.m */,
			);
			path = Application;
			sourceTree = "<group>";
		};
		F52BCC9B1E6AF2250036234E /* Root */ = {
			isa = PBXGroup;
			children = (
				F52BCC9C1E6AF2480036234E /* MPTabBarController.h */,
				F52BCC9D1E6AF2480036234E /* MPTabBarController.m */,
				F52BCC9F1E6AF4740036234E /* MPNavigationController.h */,
				F52BCCA01E6AF4740036234E /* MPNavigationController.m */,
			);
			path = Root;
			sourceTree = "<group>";
		};
		F52BCCA21E6AF5630036234E /* Bill */ = {
			isa = PBXGroup;
			children = (
				F52BCCAB1E6AF8AA0036234E /* MPBillTableViewController.h */,
				F52BCCAC1E6AF8AA0036234E /* MPBillTableViewController.m */,
			);
			path = Bill;
			sourceTree = "<group>";
		};
		F52BCCA31E6AF5630036234E /* CreateBill */ = {
			isa = PBXGroup;
			children = (
				F52BCCB71E6AF95D0036234E /* MPCreateBillViewController.h */,
				F52BCCB81E6AF95D0036234E /* MPCreateBillViewController.m */,
				F554FCDE1E6C35A20032A60F /* MPIncomeCategoryViewController.h */,
				F554FCDF1E6C35A20032A60F /* MPIncomeCategoryViewController.m */,
				F554FCE11E6C35B50032A60F /* MPOutcomeCategoryViewController.h */,
				F554FCE21E6C35B50032A60F /* MPOutcomeCategoryViewController.m */,
				F5ECA9A71E6EB36700007969 /* MPBaseCategoryCollectionViewController.h */,
				F5ECA9A81E6EB36700007969 /* MPBaseCategoryCollectionViewController.m */,
				F560E77F1E70D852007068CC /* MPEditRemarkViewController.h */,
				F560E7801E70D852007068CC /* MPEditRemarkViewController.m */,
			);
			path = CreateBill;
			sourceTree = "<group>";
		};
		F52BCCA41E6AF5630036234E /* Forms */ = {
			isa = PBXGroup;
			children = (
				F52BCCAE1E6AF8F30036234E /* MPReportFormViewController.h */,
				F52BCCAF1E6AF8F30036234E /* MPReportFormViewController.m */,
			);
			path = Forms;
			sourceTree = "<group>";
		};
		F52BCCA51E6AF5630036234E /* Setting */ = {
			isa = PBXGroup;
			children = (
				F52BCCB11E6AF91E0036234E /* MPSettingTableViewController.h */,
				F52BCCB21E6AF91E0036234E /* MPSettingTableViewController.m */,
			);
			path = Setting;
			sourceTree = "<group>";
		};
		F52BCCA61E6AF5630036234E /* Wallet */ = {
			isa = PBXGroup;
			children = (
				F52BCCB41E6AF93C0036234E /* MPAccountTableViewController.h */,
				F52BCCB51E6AF93C0036234E /* MPAccountTableViewController.m */,
				F5C9A0E31E7E84570084B97B /* MPCreateAccountViewController.h */,
				F5C9A0E41E7E84570084B97B /* MPCreateAccountViewController.m */,
				F5C9A0EB1E7EA5610084B97B /* MPEditAccountNameViewController.h */,
				F5C9A0EC1E7EA5610084B97B /* MPEditAccountNameViewController.m */,
				F5C9A0EE1E7EA71B0084B97B /* MPEditAccountMoneyViewController.h */,
				F5C9A0EF1E7EA71B0084B97B /* MPEditAccountMoneyViewController.m */,
				F5C9A0F11E7EAE5E0084B97B /* MPEditAccountColorViewController.h */,
				F5C9A0F21E7EAE5E0084B97B /* MPEditAccountColorViewController.m */,
				F51BB89F1E7FF4C6007F1741 /* MPAccountDetailViewController.h */,
				F51BB8A01E7FF4C6007F1741 /* MPAccountDetailViewController.m */,
			);
			path = Wallet;
			sourceTree = "<group>";
		};
		F52BCCA71E6AF57B0036234E /* Root */ = {
			isa = PBXGroup;
			children = (
				F52BCCA81E6AF6E90036234E /* MPTabBar.h */,
				F52BCCA91E6AF6E90036234E /* MPTabBar.m */,
			);
			path = Root;
			sourceTree = "<group>";
		};
		F52BCCBA1E6BE9E50036234E /* Resource */ = {
			isa = PBXGroup;
			children = (
				F52BCCBD1E6BE9FC0036234E /* addCategory.plist */,
				F52BCCBB1E6BE9F10036234E /* category.plist */,
				F560E7A01E7136F0007068CC /* account.plist */,
				F5C9A0E61E7E89120084B97B /* color.plist */,
			);
			path = Resource;
			sourceTree = "<group>";
		};
		F52BCCBF1E6BEEA70036234E /* CreateBill */ = {
			isa = PBXGroup;
			children = (
				F560E7821E70DDF3007068CC /* FQPlaceholderTextView.h */,
				F560E7831E70DDF3007068CC /* FQPlaceholderTextView.m */,
				F52BCCC31E6BEF1C0036234E /* MPCreateBillHeaderView.xib */,
				F52BCCC51E6BEF670036234E /* MPCreateBillHeaderView.h */,
				F52BCCC61E6BEF670036234E /* MPCreateBillHeaderView.m */,
				F52BCCCE1E6BF66F0036234E /* MPCategoryCollectionViewCell.h */,
				F52BCCCF1E6BF66F0036234E /* MPCategoryCollectionViewCell.m */,
				F52BCCD11E6BF75C0036234E /* MPCategoryCollectionViewCell.xib */,
				F5ECA9AA1E6EEB9300007969 /* MPCalculatorView.h */,
				F5ECA9AB1E6EEB9300007969 /* MPCalculatorView.m */,
				F5ECA9AD1E6EEEEB00007969 /* MPCalculatorView.xib */,
				F5AD3B191E702C56003F7B69 /* MPAccountPickerView.h */,
				F5AD3B1A1E702C56003F7B69 /* MPAccountPickerView.m */,
				F5AD3B1C1E703D60003F7B69 /* MPAccountPickerTableViewCell.h */,
				F5AD3B1D1E703D60003F7B69 /* MPAccountPickerTableViewCell.m */,
				F5AD3B1F1E703DB0003F7B69 /* MPAccountPickerTableViewCell.xib */,
			);
			path = CreateBill;
			sourceTree = "<group>";
		};
		F541E7951E77894700556D46 /* Wallet */ = {
			isa = PBXGroup;
			children = (
				F541E79E1E778CFF00556D46 /* MPAccountBalanceHeaderView.h */,
				F541E79F1E778CFF00556D46 /* MPAccountBalanceHeaderView.m */,
				F541E7A11E778D0900556D46 /* MPAccountBalanceHeaderView.xib */,
				F541E7961E77895800556D46 /* MPAccountTableViewCell.h */,
				F541E7971E77895800556D46 /* MPAccountTableViewCell.m */,
				F541E7991E77896E00556D46 /* MPAccountTableViewCell.xib */,
				F5C9A0DE1E7E7EC20084B97B /* MPAccountAddView.h */,
				F5C9A0DF1E7E7EC20084B97B /* MPAccountAddView.m */,
				F5C9A0E11E7E7ECF0084B97B /* MPAccountAddView.xib */,
				F5C9A0F41E7EB5B80084B97B /* MPColorCollectionViewCell.h */,
				F5C9A0F51E7EB5B80084B97B /* MPColorCollectionViewCell.m */,
				F5C9A0F71E7EC8D90084B97B /* MPEditAccountTableViewCell.h */,
				F5C9A0F81E7EC8D90084B97B /* MPEditAccountTableViewCell.m */,
				F550AB331E8005240064C947 /* MPAccountDetailHeaderView.h */,
				F550AB341E8005240064C947 /* MPAccountDetailHeaderView.m */,
				F550AB361E8005630064C947 /* MPAccountDetailHeaderView.xib */,
			);
			path = Wallet;
			sourceTree = "<group>";
		};
		F560E7A21E7185B1007068CC /* Bill */ = {
			isa = PBXGroup;
			children = (
				F560E7A31E7185C6007068CC /* MPTimeLineItemTableViewCell.h */,
				F560E7A41E7185C6007068CC /* MPTimeLineItemTableViewCell.m */,
				F555D3B41E728C050007AD24 /* MPTimeLineYearMonthMarkView.h */,
				F555D3B51E728C050007AD24 /* MPTimeLineYearMonthMarkView.m */,
				F555D3B71E7297720007AD24 /* MPTimeLineHeaderView.h */,
				F555D3B81E7297720007AD24 /* MPTimeLineHeaderView.m */,
				F555D3BD1E72D5580007AD24 /* MPTimeLineDayTableViewCell.h */,
				F555D3BE1E72D5580007AD24 /* MPTimeLineDayTableViewCell.m */,
				F541E7921E7784BF00556D46 /* MPBookListView.h */,
				F541E7931E7784BF00556D46 /* MPBookListView.m */,
				F541E7A31E7799A500556D46 /* MPTopBarView.h */,
				F541E7A41E7799A500556D46 /* MPTopBarView.m */,
				F5F202F11E78CF8900F18F6E /* MPBookListCollectionViewCell.h */,
				F5F202F21E78CF8900F18F6E /* MPBookListCollectionViewCell.m */,
				F5F202F41E78E8D600F18F6E /* MPCreateBookCollectionViewCell.h */,
				F5F202F51E78E8D600F18F6E /* MPCreateBookCollectionViewCell.m */,
				F5F202F71E79290600F18F6E /* MPCreateBookView.h */,
				F5F202F81E79290600F18F6E /* MPCreateBookView.m */,
				F5E6A58B1E7BDF8B00BDCFB5 /* MPTableView.h */,
				F5E6A58C1E7BDF8B00BDCFB5 /* MPTableView.m */,
			);
			path = Bill;
			sourceTree = "<group>";
		};
		F5AD3B081E6FB1AF003F7B69 /* MPCalendarView */ = {
			isa = PBXGroup;
			children = (
				F5AD3B091E6FB1AF003F7B69 /* MPCalendarView.h */,
				F5AD3B0A1E6FB1AF003F7B69 /* MPCalendarView.m */,
			);
			path = MPCalendarView;
			sourceTree = "<group>";
		};
		F5ECA9AF1E6F063400007969 /* Lib */ = {
			isa = PBXGroup;
			children = (
				F5AD3B081E6FB1AF003F7B69 /* MPCalendarView */,
			);
			path = Lib;
			sourceTree = "<group>";
		};
/* End PBXGroup section */

/* Begin PBXNativeTarget section */
		F52BCC4A1E6AEAF60036234E /* MPTally */ = {
			isa = PBXNativeTarget;
			buildConfigurationList = F52BCC781E6AEAF60036234E /* Build configuration list for PBXNativeTarget "MPTally" */;
			buildPhases = (
				B0283E7007798859FF138EEE /* [CP] Check Pods Manifest.lock */,
				F52BCC471E6AEAF60036234E /* Sources */,
				F52BCC481E6AEAF60036234E /* Frameworks */,
				F52BCC491E6AEAF60036234E /* Resources */,
				8DB2EF2CF5D8E6162F646CB2 /* [CP] Embed Pods Frameworks */,
				A0A9657516CE361FCA83E89C /* [CP] Copy Pods Resources */,
			);
			buildRules = (
			);
			dependencies = (
			);
			name = MPTally;
			productName = MPTally;
			productReference = F52BCC4B1E6AEAF60036234E /* MPTally.app */;
			productType = "com.apple.product-type.application";
		};
		F52BCC631E6AEAF60036234E /* MPTallyTests */ = {
			isa = PBXNativeTarget;
			buildConfigurationList = F52BCC7B1E6AEAF60036234E /* Build configuration list for PBXNativeTarget "MPTallyTests" */;
			buildPhases = (
				577F14C5D69E6E9302DA3134 /* [CP] Check Pods Manifest.lock */,
				F52BCC601E6AEAF60036234E /* Sources */,
				F52BCC611E6AEAF60036234E /* Frameworks */,
				F52BCC621E6AEAF60036234E /* Resources */,
				3AC6CB17505CB91D35CC9F94 /* [CP] Embed Pods Frameworks */,
				42D24CE8ECCCA010A5E1CFDD /* [CP] Copy Pods Resources */,
			);
			buildRules = (
			);
			dependencies = (
				F52BCC661E6AEAF60036234E /* PBXTargetDependency */,
			);
			name = MPTallyTests;
			productName = MPTallyTests;
			productReference = F52BCC641E6AEAF60036234E /* MPTallyTests.xctest */;
			productType = "com.apple.product-type.bundle.unit-test";
		};
		F52BCC6E1E6AEAF60036234E /* MPTallyUITests */ = {
			isa = PBXNativeTarget;
			buildConfigurationList = F52BCC7E1E6AEAF60036234E /* Build configuration list for PBXNativeTarget "MPTallyUITests" */;
			buildPhases = (
				258D359AEEC25DDEBCCEF997 /* [CP] Check Pods Manifest.lock */,
				F52BCC6B1E6AEAF60036234E /* Sources */,
				F52BCC6C1E6AEAF60036234E /* Frameworks */,
				F52BCC6D1E6AEAF60036234E /* Resources */,
				3E29672C17FD7CBB0A047B80 /* [CP] Copy Pods Resources */,
				48D49E7D981D8EA8546D4441 /* [CP] Embed Pods Frameworks */,
			);
			buildRules = (
			);
			dependencies = (
				F52BCC711E6AEAF60036234E /* PBXTargetDependency */,
			);
			name = MPTallyUITests;
			productName = MPTallyUITests;
			productReference = F52BCC6F1E6AEAF60036234E /* MPTallyUITests.xctest */;
			productType = "com.apple.product-type.bundle.ui-testing";
		};
/* End PBXNativeTarget section */

/* Begin PBXProject section */
		F52BCC431E6AEAF60036234E /* Project object */ = {
			isa = PBXProject;
			attributes = {
				CLASSPREFIX = MP;
				LastUpgradeCheck = 0810;
				ORGANIZATIONNAME = Maple;
				TargetAttributes = {
					F52BCC4A1E6AEAF60036234E = {
						CreatedOnToolsVersion = 8.1;
						DevelopmentTeam = LXULFV77XT;
						ProvisioningStyle = Automatic;
					};
					F52BCC631E6AEAF60036234E = {
						CreatedOnToolsVersion = 8.1;
						DevelopmentTeam = LXULFV77XT;
						ProvisioningStyle = Automatic;
						TestTargetID = F52BCC4A1E6AEAF60036234E;
					};
					F52BCC6E1E6AEAF60036234E = {
						CreatedOnToolsVersion = 8.1;
						DevelopmentTeam = LXULFV77XT;
						ProvisioningStyle = Automatic;
						TestTargetID = F52BCC4A1E6AEAF60036234E;
					};
				};
			};
			buildConfigurationList = F52BCC461E6AEAF60036234E /* Build configuration list for PBXProject "MPTally" */;
			compatibilityVersion = "Xcode 3.2";
			developmentRegion = English;
			hasScannedForEncodings = 0;
			knownRegions = (
				en,
				Base,
			);
			mainGroup = F52BCC421E6AEAF60036234E;
			productRefGroup = F52BCC4C1E6AEAF60036234E /* Products */;
			projectDirPath = "";
			projectRoot = "";
			targets = (
				F52BCC4A1E6AEAF60036234E /* MPTally */,
				F52BCC631E6AEAF60036234E /* MPTallyTests */,
				F52BCC6E1E6AEAF60036234E /* MPTallyUITests */,
			);
		};
/* End PBXProject section */

/* Begin PBXResourcesBuildPhase section */
		F52BCC491E6AEAF60036234E /* Resources */ = {
			isa = PBXResourcesBuildPhase;
			buildActionMask = 2147483647;
			files = (
				F5AD3B201E703DB0003F7B69 /* MPAccountPickerTableViewCell.xib in Resources */,
				F541E79A1E77896E00556D46 /* MPAccountTableViewCell.xib in Resources */,
				F560E7A11E7136F0007068CC /* account.plist in Resources */,
				F52BCCBC1E6BE9F10036234E /* category.plist in Resources */,
				F550AB371E8005630064C947 /* MPAccountDetailHeaderView.xib in Resources */,
				F52BCCC41E6BEF1C0036234E /* MPCreateBillHeaderView.xib in Resources */,
				F52BCC5E1E6AEAF60036234E /* LaunchScreen.storyboard in Resources */,
				F5C9A0E21E7E7ECF0084B97B /* MPAccountAddView.xib in Resources */,
				F52BCCBE1E6BE9FC0036234E /* addCategory.plist in Resources */,
				F5C9A0E71E7E89120084B97B /* color.plist in Resources */,
				F541E7A21E778D0900556D46 /* MPAccountBalanceHeaderView.xib in Resources */,
				F52BCCD21E6BF75C0036234E /* MPCategoryCollectionViewCell.xib in Resources */,
				F52BCC5B1E6AEAF60036234E /* Assets.xcassets in Resources */,
				F5ECA9AE1E6EEEEB00007969 /* MPCalculatorView.xib in Resources */,
			);
			runOnlyForDeploymentPostprocessing = 0;
		};
		F52BCC621E6AEAF60036234E /* Resources */ = {
			isa = PBXResourcesBuildPhase;
			buildActionMask = 2147483647;
			files = (
			);
			runOnlyForDeploymentPostprocessing = 0;
		};
		F52BCC6D1E6AEAF60036234E /* Resources */ = {
			isa = PBXResourcesBuildPhase;
			buildActionMask = 2147483647;
			files = (
			);
			runOnlyForDeploymentPostprocessing = 0;
		};
/* End PBXResourcesBuildPhase section */

/* Begin PBXShellScriptBuildPhase section */
		258D359AEEC25DDEBCCEF997 /* [CP] Check Pods Manifest.lock */ = {
			isa = PBXShellScriptBuildPhase;
			buildActionMask = 2147483647;
			files = (
			);
			inputPaths = (
			);
			name = "[CP] Check Pods Manifest.lock";
			outputPaths = (
			);
			runOnlyForDeploymentPostprocessing = 0;
			shellPath = /bin/sh;
			shellScript = "diff \"${PODS_ROOT}/../Podfile.lock\" \"${PODS_ROOT}/Manifest.lock\" > /dev/null\nif [ $? != 0 ] ; then\n    # print error to STDERR\n    echo \"error: The sandbox is not in sync with the Podfile.lock. Run 'pod install' or update your CocoaPods installation.\" >&2\n    exit 1\nfi\n";
			showEnvVarsInLog = 0;
		};
		3AC6CB17505CB91D35CC9F94 /* [CP] Embed Pods Frameworks */ = {
			isa = PBXShellScriptBuildPhase;
			buildActionMask = 2147483647;
			files = (
			);
			inputPaths = (
			);
			name = "[CP] Embed Pods Frameworks";
			outputPaths = (
			);
			runOnlyForDeploymentPostprocessing = 0;
			shellPath = /bin/sh;
			shellScript = "\"${SRCROOT}/Pods/Target Support Files/Pods-MPTallyTests/Pods-MPTallyTests-frameworks.sh\"\n";
			showEnvVarsInLog = 0;
		};
		3E29672C17FD7CBB0A047B80 /* [CP] Copy Pods Resources */ = {
			isa = PBXShellScriptBuildPhase;
			buildActionMask = 2147483647;
			files = (
			);
			inputPaths = (
			);
			name = "[CP] Copy Pods Resources";
			outputPaths = (
			);
			runOnlyForDeploymentPostprocessing = 0;
			shellPath = /bin/sh;
			shellScript = "\"${SRCROOT}/Pods/Target Support Files/Pods-MPTallyUITests/Pods-MPTallyUITests-resources.sh\"\n";
			showEnvVarsInLog = 0;
		};
		42D24CE8ECCCA010A5E1CFDD /* [CP] Copy Pods Resources */ = {
			isa = PBXShellScriptBuildPhase;
			buildActionMask = 2147483647;
			files = (
			);
			inputPaths = (
			);
			name = "[CP] Copy Pods Resources";
			outputPaths = (
			);
			runOnlyForDeploymentPostprocessing = 0;
			shellPath = /bin/sh;
			shellScript = "\"${SRCROOT}/Pods/Target Support Files/Pods-MPTallyTests/Pods-MPTallyTests-resources.sh\"\n";
			showEnvVarsInLog = 0;
		};
		48D49E7D981D8EA8546D4441 /* [CP] Embed Pods Frameworks */ = {
			isa = PBXShellScriptBuildPhase;
			buildActionMask = 2147483647;
			files = (
			);
			inputPaths = (
			);
			name = "[CP] Embed Pods Frameworks";
			outputPaths = (
			);
			runOnlyForDeploymentPostprocessing = 0;
			shellPath = /bin/sh;
			shellScript = "\"${SRCROOT}/Pods/Target Support Files/Pods-MPTallyUITests/Pods-MPTallyUITests-frameworks.sh\"\n";
			showEnvVarsInLog = 0;
		};
		577F14C5D69E6E9302DA3134 /* [CP] Check Pods Manifest.lock */ = {
			isa = PBXShellScriptBuildPhase;
			buildActionMask = 2147483647;
			files = (
			);
			inputPaths = (
			);
			name = "[CP] Check Pods Manifest.lock";
			outputPaths = (
			);
			runOnlyForDeploymentPostprocessing = 0;
			shellPath = /bin/sh;
			shellScript = "diff \"${PODS_ROOT}/../Podfile.lock\" \"${PODS_ROOT}/Manifest.lock\" > /dev/null\nif [ $? != 0 ] ; then\n    # print error to STDERR\n    echo \"error: The sandbox is not in sync with the Podfile.lock. Run 'pod install' or update your CocoaPods installation.\" >&2\n    exit 1\nfi\n";
			showEnvVarsInLog = 0;
		};
		8DB2EF2CF5D8E6162F646CB2 /* [CP] Embed Pods Frameworks */ = {
			isa = PBXShellScriptBuildPhase;
			buildActionMask = 2147483647;
			files = (
			);
			inputPaths = (
			);
			name = "[CP] Embed Pods Frameworks";
			outputPaths = (
			);
			runOnlyForDeploymentPostprocessing = 0;
			shellPath = /bin/sh;
			shellScript = "\"${SRCROOT}/Pods/Target Support Files/Pods-MPTally/Pods-MPTally-frameworks.sh\"\n";
			showEnvVarsInLog = 0;
		};
		A0A9657516CE361FCA83E89C /* [CP] Copy Pods Resources */ = {
			isa = PBXShellScriptBuildPhase;
			buildActionMask = 2147483647;
			files = (
			);
			inputPaths = (
			);
			name = "[CP] Copy Pods Resources";
			outputPaths = (
			);
			runOnlyForDeploymentPostprocessing = 0;
			shellPath = /bin/sh;
			shellScript = "\"${SRCROOT}/Pods/Target Support Files/Pods-MPTally/Pods-MPTally-resources.sh\"\n";
			showEnvVarsInLog = 0;
		};
		B0283E7007798859FF138EEE /* [CP] Check Pods Manifest.lock */ = {
			isa = PBXShellScriptBuildPhase;
			buildActionMask = 2147483647;
			files = (
			);
			inputPaths = (
			);
			name = "[CP] Check Pods Manifest.lock";
			outputPaths = (
			);
			runOnlyForDeploymentPostprocessing = 0;
			shellPath = /bin/sh;
			shellScript = "diff \"${PODS_ROOT}/../Podfile.lock\" \"${PODS_ROOT}/Manifest.lock\" > /dev/null\nif [ $? != 0 ] ; then\n    # print error to STDERR\n    echo \"error: The sandbox is not in sync with the Podfile.lock. Run 'pod install' or update your CocoaPods installation.\" >&2\n    exit 1\nfi\n";
			showEnvVarsInLog = 0;
		};
/* End PBXShellScriptBuildPhase section */

/* Begin PBXSourcesBuildPhase section */
		F52BCC471E6AEAF60036234E /* Sources */ = {
			isa = PBXSourcesBuildPhase;
			buildActionMask = 2147483647;
			files = (
				F5E6A58D1E7BDF8B00BDCFB5 /* MPTableView.m in Sources */,
				F52BCC8E1E6AECE60036234E /* MPConst.m in Sources */,
				F555D3B61E728C050007AD24 /* MPTimeLineYearMonthMarkView.m in Sources */,
				F560E7991E70ECD7007068CC /* MPBookManager.m in Sources */,
				F5AD3B1B1E702C56003F7B69 /* MPAccountPickerView.m in Sources */,
				F5C9A0F61E7EB5B80084B97B /* MPColorCollectionViewCell.m in Sources */,
				F5ECA9A91E6EB36700007969 /* MPBaseCategoryCollectionViewController.m in Sources */,
				F52BCCB31E6AF91E0036234E /* MPSettingTableViewController.m in Sources */,
				F5AD3B1E1E703D60003F7B69 /* MPAccountPickerTableViewCell.m in Sources */,
				F5ECA9AC1E6EEB9300007969 /* MPCalculatorView.m in Sources */,
				F52BCCB01E6AF8F30036234E /* MPReportFormViewController.m in Sources */,
				F52BCC9E1E6AF2480036234E /* MPTabBarController.m in Sources */,
				F5FE7B3B1E763A0E003D1B6D /* MPDayBillModel.m in Sources */,
				F560E7A61E7185C6007068CC /* MPTimeLineItemTableViewCell.m in Sources */,
				F52BCCA11E6AF4740036234E /* MPNavigationController.m in Sources */,
				F5AD3B0B1E6FB1AF003F7B69 /* MPCalendarView.m in Sources */,
				F560E78D1E70EB2D007068CC /* MPBookModel.m in Sources */,
				F52BCCB91E6AF95D0036234E /* MPCreateBillViewController.m in Sources */,
				F51BB8A11E7FF4C6007F1741 /* MPAccountDetailViewController.m in Sources */,
				F52BCCB61E6AF93C0036234E /* MPAccountTableViewController.m in Sources */,
				F541E7A51E7799A500556D46 /* MPTopBarView.m in Sources */,
				F554FCE01E6C35A20032A60F /* MPIncomeCategoryViewController.m in Sources */,
				F52BCCAD1E6AF8AA0036234E /* MPBillTableViewController.m in Sources */,
				F560E79C1E70F518007068CC /* MyUtils.m in Sources */,
				F5C9A0ED1E7EA5610084B97B /* MPEditAccountNameViewController.m in Sources */,
				F560E7931E70ECA9007068CC /* MPCategoryManager.m in Sources */,
				F5C9A0EA1E7E8A940084B97B /* UIColor+MPHex.m in Sources */,
				F5F202F31E78CF8900F18F6E /* MPBookListCollectionViewCell.m in Sources */,
				F550AB351E8005240064C947 /* MPAccountDetailHeaderView.m in Sources */,
				F560E7811E70D852007068CC /* MPEditRemarkViewController.m in Sources */,
				F52BCCD51E6C08430036234E /* MPCategoryModel.m in Sources */,
				F5C9A0E01E7E7EC20084B97B /* MPAccountAddView.m in Sources */,
				F560E7961E70ECC2007068CC /* MPAccountManager.m in Sources */,
				F541E7A01E778CFF00556D46 /* MPAccountBalanceHeaderView.m in Sources */,
				F5C9A0F31E7EAE5E0084B97B /* MPEditAccountColorViewController.m in Sources */,
				F52BCC921E6AEE1A0036234E /* UIView+MPExtension.m in Sources */,
				F52BCC501E6AEAF60036234E /* main.m in Sources */,
				F555D3BC1E72D4690007AD24 /* MPTimeLineModel.m in Sources */,
				F541E7981E77895800556D46 /* MPAccountTableViewCell.m in Sources */,
				F541E7941E7784BF00556D46 /* MPBookListView.m in Sources */,
				F5C9A0E51E7E84570084B97B /* MPCreateAccountViewController.m in Sources */,
				F5F202F61E78E8D600F18F6E /* MPCreateBookCollectionViewCell.m in Sources */,
				F554FCE31E6C35B50032A60F /* MPOutcomeCategoryViewController.m in Sources */,
				F5C9A0F01E7EA71B0084B97B /* MPEditAccountMoneyViewController.m in Sources */,
				F5F202F91E79290600F18F6E /* MPCreateBookView.m in Sources */,
				F52BCC941E6AEF530036234E /* Foundation+Log.m in Sources */,
				F52BCCC71E6BEF670036234E /* MPCreateBillHeaderView.m in Sources */,
				F560E78A1E70EADC007068CC /* MPBillModel.m in Sources */,
				F555D3BF1E72D5580007AD24 /* MPTimeLineDayTableViewCell.m in Sources */,
				F5E6A5901E7C0BF700BDCFB5 /* MPTimeLineHeaderModel.m in Sources */,
				F5AD3B181E702B9C003F7B69 /* MPAccountModel.m in Sources */,
				F5F202FC1E79386600F18F6E /* SVProgressHUD+MPTips.m in Sources */,
				F52BCCD01E6BF66F0036234E /* MPCategoryCollectionViewCell.m in Sources */,
				F560E79F1E7103CA007068CC /* NSDate+MPPrint.m in Sources */,
				F52BCCAA1E6AF6E90036234E /* MPTabBar.m in Sources */,
				F560E7841E70DDF3007068CC /* FQPlaceholderTextView.m in Sources */,
				F5C9A0F91E7EC8D90084B97B /* MPEditAccountTableViewCell.m in Sources */,
				F52BCC9A1E6AF20F0036234E /* AppDelegate.m in Sources */,
				F560E7901E70EC84007068CC /* MPBillManager.m in Sources */,
				F555D3B91E7297720007AD24 /* MPTimeLineHeaderView.m in Sources */,
			);
			runOnlyForDeploymentPostprocessing = 0;
		};
		F52BCC601E6AEAF60036234E /* Sources */ = {
			isa = PBXSourcesBuildPhase;
			buildActionMask = 2147483647;
			files = (
				F52BCC691E6AEAF60036234E /* MPTallyTests.m in Sources */,
			);
			runOnlyForDeploymentPostprocessing = 0;
		};
		F52BCC6B1E6AEAF60036234E /* Sources */ = {
			isa = PBXSourcesBuildPhase;
			buildActionMask = 2147483647;
			files = (
				F52BCC741E6AEAF60036234E /* MPTallyUITests.m in Sources */,
			);
			runOnlyForDeploymentPostprocessing = 0;
		};
/* End PBXSourcesBuildPhase section */

/* Begin PBXTargetDependency section */
		F52BCC661E6AEAF60036234E /* PBXTargetDependency */ = {
			isa = PBXTargetDependency;
			target = F52BCC4A1E6AEAF60036234E /* MPTally */;
			targetProxy = F52BCC651E6AEAF60036234E /* PBXContainerItemProxy */;
		};
		F52BCC711E6AEAF60036234E /* PBXTargetDependency */ = {
			isa = PBXTargetDependency;
			target = F52BCC4A1E6AEAF60036234E /* MPTally */;
			targetProxy = F52BCC701E6AEAF60036234E /* PBXContainerItemProxy */;
		};
/* End PBXTargetDependency section */

/* Begin PBXVariantGroup section */
		F52BCC5C1E6AEAF60036234E /* LaunchScreen.storyboard */ = {
			isa = PBXVariantGroup;
			children = (
				F52BCC5D1E6AEAF60036234E /* Base */,
			);
			name = LaunchScreen.storyboard;
			sourceTree = "<group>";
		};
/* End PBXVariantGroup section */

/* Begin XCBuildConfiguration section */
		F52BCC761E6AEAF60036234E /* Debug */ = {
			isa = XCBuildConfiguration;
			buildSettings = {
				ALWAYS_SEARCH_USER_PATHS = NO;
				CLANG_ANALYZER_NONNULL = YES;
				CLANG_CXX_LANGUAGE_STANDARD = "gnu++0x";
				CLANG_CXX_LIBRARY = "libc++";
				CLANG_ENABLE_MODULES = YES;
				CLANG_ENABLE_OBJC_ARC = YES;
				CLANG_WARN_BOOL_CONVERSION = YES;
				CLANG_WARN_CONSTANT_CONVERSION = YES;
				CLANG_WARN_DIRECT_OBJC_ISA_USAGE = YES_ERROR;
				CLANG_WARN_DOCUMENTATION_COMMENTS = YES;
				CLANG_WARN_EMPTY_BODY = YES;
				CLANG_WARN_ENUM_CONVERSION = YES;
				CLANG_WARN_INFINITE_RECURSION = YES;
				CLANG_WARN_INT_CONVERSION = YES;
				CLANG_WARN_OBJC_ROOT_CLASS = YES_ERROR;
				CLANG_WARN_SUSPICIOUS_MOVE = YES;
				CLANG_WARN_SUSPICIOUS_MOVES = YES;
				CLANG_WARN_UNREACHABLE_CODE = YES;
				CLANG_WARN__DUPLICATE_METHOD_MATCH = YES;
				"CODE_SIGN_IDENTITY[sdk=iphoneos*]" = "iPhone Developer";
				COPY_PHASE_STRIP = NO;
				DEBUG_INFORMATION_FORMAT = dwarf;
				ENABLE_STRICT_OBJC_MSGSEND = YES;
				ENABLE_TESTABILITY = YES;
				GCC_C_LANGUAGE_STANDARD = gnu99;
				GCC_DYNAMIC_NO_PIC = NO;
				GCC_NO_COMMON_BLOCKS = YES;
				GCC_OPTIMIZATION_LEVEL = 0;
				GCC_PRECOMPILE_PREFIX_HEADER = YES;
				GCC_PREPROCESSOR_DEFINITIONS = (
					"DEBUG=1",
					"$(inherited)",
				);
				GCC_WARN_64_TO_32_BIT_CONVERSION = YES;
				GCC_WARN_ABOUT_RETURN_TYPE = YES_ERROR;
				GCC_WARN_UNDECLARED_SELECTOR = YES;
				GCC_WARN_UNINITIALIZED_AUTOS = YES_AGGRESSIVE;
				GCC_WARN_UNUSED_FUNCTION = YES;
				GCC_WARN_UNUSED_VARIABLE = YES;
				IPHONEOS_DEPLOYMENT_TARGET = 9.0;
				MTL_ENABLE_DEBUG_INFO = YES;
				ONLY_ACTIVE_ARCH = YES;
				SDKROOT = iphoneos;
				TARGETED_DEVICE_FAMILY = "1,2";
			};
			name = Debug;
		};
		F52BCC771E6AEAF60036234E /* Release */ = {
			isa = XCBuildConfiguration;
			buildSettings = {
				ALWAYS_SEARCH_USER_PATHS = NO;
				CLANG_ANALYZER_NONNULL = YES;
				CLANG_CXX_LANGUAGE_STANDARD = "gnu++0x";
				CLANG_CXX_LIBRARY = "libc++";
				CLANG_ENABLE_MODULES = YES;
				CLANG_ENABLE_OBJC_ARC = YES;
				CLANG_WARN_BOOL_CONVERSION = YES;
				CLANG_WARN_CONSTANT_CONVERSION = YES;
				CLANG_WARN_DIRECT_OBJC_ISA_USAGE = YES_ERROR;
				CLANG_WARN_DOCUMENTATION_COMMENTS = YES;
				CLANG_WARN_EMPTY_BODY = YES;
				CLANG_WARN_ENUM_CONVERSION = YES;
				CLANG_WARN_INFINITE_RECURSION = YES;
				CLANG_WARN_INT_CONVERSION = YES;
				CLANG_WARN_OBJC_ROOT_CLASS = YES_ERROR;
				CLANG_WARN_SUSPICIOUS_MOVE = YES;
				CLANG_WARN_SUSPICIOUS_MOVES = YES;
				CLANG_WARN_UNREACHABLE_CODE = YES;
				CLANG_WARN__DUPLICATE_METHOD_MATCH = YES;
				"CODE_SIGN_IDENTITY[sdk=iphoneos*]" = "iPhone Developer";
				COPY_PHASE_STRIP = NO;
				DEBUG_INFORMATION_FORMAT = "dwarf-with-dsym";
				ENABLE_NS_ASSERTIONS = NO;
				ENABLE_STRICT_OBJC_MSGSEND = YES;
				GCC_C_LANGUAGE_STANDARD = gnu99;
				GCC_NO_COMMON_BLOCKS = YES;
				GCC_PRECOMPILE_PREFIX_HEADER = YES;
				GCC_WARN_64_TO_32_BIT_CONVERSION = YES;
				GCC_WARN_ABOUT_RETURN_TYPE = YES_ERROR;
				GCC_WARN_UNDECLARED_SELECTOR = YES;
				GCC_WARN_UNINITIALIZED_AUTOS = YES_AGGRESSIVE;
				GCC_WARN_UNUSED_FUNCTION = YES;
				GCC_WARN_UNUSED_VARIABLE = YES;
				IPHONEOS_DEPLOYMENT_TARGET = 9.0;
				MTL_ENABLE_DEBUG_INFO = NO;
				SDKROOT = iphoneos;
				TARGETED_DEVICE_FAMILY = "1,2";
				VALIDATE_PRODUCT = YES;
			};
			name = Release;
		};
		F52BCC791E6AEAF60036234E /* Debug */ = {
			isa = XCBuildConfiguration;
			baseConfigurationReference = 206FAD940693780DE49F9B9E /* Pods-MPTally.debug.xcconfig */;
			buildSettings = {
				ASSETCATALOG_COMPILER_APPICON_NAME = AppIcon;
				DEVELOPMENT_TEAM = LXULFV77XT;
				GCC_PRECOMPILE_PREFIX_HEADER = YES;
				GCC_PREFIX_HEADER = "$(SRCROOT)/MPTally/Other/MPTally.pch";
				INFOPLIST_FILE = MPTally/Info.plist;
				LD_RUNPATH_SEARCH_PATHS = "$(inherited) @executable_path/Frameworks";
				PRODUCT_BUNDLE_IDENTIFIER = com.maple.MPTally;
				PRODUCT_NAME = "$(TARGET_NAME)";
			};
			name = Debug;
		};
		F52BCC7A1E6AEAF60036234E /* Release */ = {
			isa = XCBuildConfiguration;
			baseConfigurationReference = 8DCF2B45177FDB3871DA3D2B /* Pods-MPTally.release.xcconfig */;
			buildSettings = {
				ASSETCATALOG_COMPILER_APPICON_NAME = AppIcon;
				DEVELOPMENT_TEAM = LXULFV77XT;
				GCC_PRECOMPILE_PREFIX_HEADER = YES;
				GCC_PREFIX_HEADER = "$(SRCROOT)/MPTally/Other/MPTally.pch";
				INFOPLIST_FILE = MPTally/Info.plist;
				LD_RUNPATH_SEARCH_PATHS = "$(inherited) @executable_path/Frameworks";
				PRODUCT_BUNDLE_IDENTIFIER = com.maple.MPTally;
				PRODUCT_NAME = "$(TARGET_NAME)";
			};
			name = Release;
		};
		F52BCC7C1E6AEAF60036234E /* Debug */ = {
			isa = XCBuildConfiguration;
			baseConfigurationReference = 90374369BD6E12BE3C71D224 /* Pods-MPTallyTests.debug.xcconfig */;
			buildSettings = {
				BUNDLE_LOADER = "$(TEST_HOST)";
				DEVELOPMENT_TEAM = LXULFV77XT;
				INFOPLIST_FILE = MPTallyTests/Info.plist;
				LD_RUNPATH_SEARCH_PATHS = "$(inherited) @executable_path/Frameworks @loader_path/Frameworks";
				PRODUCT_BUNDLE_IDENTIFIER = com.maple.MPTallyTests;
				PRODUCT_NAME = "$(TARGET_NAME)";
				TEST_HOST = "$(BUILT_PRODUCTS_DIR)/MPTally.app/MPTally";
			};
			name = Debug;
		};
		F52BCC7D1E6AEAF60036234E /* Release */ = {
			isa = XCBuildConfiguration;
			baseConfigurationReference = 2449E00251DF1F0AB6B2BC41 /* Pods-MPTallyTests.release.xcconfig */;
			buildSettings = {
				BUNDLE_LOADER = "$(TEST_HOST)";
				DEVELOPMENT_TEAM = LXULFV77XT;
				INFOPLIST_FILE = MPTallyTests/Info.plist;
				LD_RUNPATH_SEARCH_PATHS = "$(inherited) @executable_path/Frameworks @loader_path/Frameworks";
				PRODUCT_BUNDLE_IDENTIFIER = com.maple.MPTallyTests;
				PRODUCT_NAME = "$(TARGET_NAME)";
				TEST_HOST = "$(BUILT_PRODUCTS_DIR)/MPTally.app/MPTally";
			};
			name = Release;
		};
		F52BCC7F1E6AEAF60036234E /* Debug */ = {
			isa = XCBuildConfiguration;
			baseConfigurationReference = 6514137F560044753668E847 /* Pods-MPTallyUITests.debug.xcconfig */;
			buildSettings = {
				DEVELOPMENT_TEAM = LXULFV77XT;
				INFOPLIST_FILE = MPTallyUITests/Info.plist;
				LD_RUNPATH_SEARCH_PATHS = "$(inherited) @executable_path/Frameworks @loader_path/Frameworks";
				PRODUCT_BUNDLE_IDENTIFIER = com.maple.MPTallyUITests;
				PRODUCT_NAME = "$(TARGET_NAME)";
				TEST_TARGET_NAME = MPTally;
			};
			name = Debug;
		};
		F52BCC801E6AEAF60036234E /* Release */ = {
			isa = XCBuildConfiguration;
			baseConfigurationReference = 23544DD4A27633AA1D8A16DA /* Pods-MPTallyUITests.release.xcconfig */;
			buildSettings = {
				DEVELOPMENT_TEAM = LXULFV77XT;
				INFOPLIST_FILE = MPTallyUITests/Info.plist;
				LD_RUNPATH_SEARCH_PATHS = "$(inherited) @executable_path/Frameworks @loader_path/Frameworks";
				PRODUCT_BUNDLE_IDENTIFIER = com.maple.MPTallyUITests;
				PRODUCT_NAME = "$(TARGET_NAME)";
				TEST_TARGET_NAME = MPTally;
			};
			name = Release;
		};
/* End XCBuildConfiguration section */

/* Begin XCConfigurationList section */
		F52BCC461E6AEAF60036234E /* Build configuration list for PBXProject "MPTally" */ = {
			isa = XCConfigurationList;
			buildConfigurations = (
				F52BCC761E6AEAF60036234E /* Debug */,
				F52BCC771E6AEAF60036234E /* Release */,
			);
			defaultConfigurationIsVisible = 0;
			defaultConfigurationName = Release;
		};
		F52BCC781E6AEAF60036234E /* Build configuration list for PBXNativeTarget "MPTally" */ = {
			isa = XCConfigurationList;
			buildConfigurations = (
				F52BCC791E6AEAF60036234E /* Debug */,
				F52BCC7A1E6AEAF60036234E /* Release */,
			);
			defaultConfigurationIsVisible = 0;
			defaultConfigurationName = Release;
		};
		F52BCC7B1E6AEAF60036234E /* Build configuration list for PBXNativeTarget "MPTallyTests" */ = {
			isa = XCConfigurationList;
			buildConfigurations = (
				F52BCC7C1E6AEAF60036234E /* Debug */,
				F52BCC7D1E6AEAF60036234E /* Release */,
			);
			defaultConfigurationIsVisible = 0;
			defaultConfigurationName = Release;
		};
		F52BCC7E1E6AEAF60036234E /* Build configuration list for PBXNativeTarget "MPTallyUITests" */ = {
			isa = XCConfigurationList;
			buildConfigurations = (
				F52BCC7F1E6AEAF60036234E /* Debug */,
				F52BCC801E6AEAF60036234E /* Release */,
			);
			defaultConfigurationIsVisible = 0;
			defaultConfigurationName = Release;
		};
/* End XCConfigurationList section */
	};
	rootObject = F52BCC431E6AEAF60036234E /* Project object */;
}
